// !$*UTF8*$!
{
	archiveVersion = 1;
	classes = {
	};
	objectVersion = 51;
	objects = {

/* Begin PBXBuildFile section */
		74A499A0C7134511CCE567F1 /* Pods_NotificationExtension.framework in Frameworks */ = {isa = PBXBuildFile; fileRef = 2FF1610285F0C565D3A223D3 /* Pods_NotificationExtension.framework */; };
		8892A806BC7C02A358C27527 /* Pods_Poke_test.framework in Frameworks */ = {isa = PBXBuildFile; fileRef = 43F6D372EC6CD810E55195EE /* Pods_Poke_test.framework */; };
		FD3172D02695CF90006810CA /* AppDelegate.swift in Sources */ = {isa = PBXBuildFile; fileRef = FD3172CF2695CF90006810CA /* AppDelegate.swift */; };
		FD61B42326B4046800EDBF8C /* Constants.swift in Sources */ = {isa = PBXBuildFile; fileRef = FD61B42226B4046800EDBF8C /* Constants.swift */; };
		FD676B3C27269A7200318834 /* NotificationService.swift in Sources */ = {isa = PBXBuildFile; fileRef = FD676B3B27269A7200318834 /* NotificationService.swift */; };
		FD676B4027269A7200318834 /* NotificationExtension.appex in Embed App Extensions */ = {isa = PBXBuildFile; fileRef = FD676B3927269A7200318834 /* NotificationExtension.appex */; settings = {ATTRIBUTES = (RemoveHeadersOnCopy, ); }; };
		FD6B780F27392C2E0055A0AE /* Reachability.swift in Sources */ = {isa = PBXBuildFile; fileRef = FD6B780E27392C2E0055A0AE /* Reachability.swift */; };
		FD7A6003274BB4A00073C2EC /* GoogleService-Info.plist in Resources */ = {isa = PBXBuildFile; fileRef = FD7A6002274BB49F0073C2EC /* GoogleService-Info.plist */; };
		FD7B1C68274E46C3004DBB0B /* Localizable.strings in Resources */ = {isa = PBXBuildFile; fileRef = FD7B1C64274E46C3004DBB0B /* Localizable.strings */; };
		FD7B9B03273E4B2A006B7610 /* PokemonFavouritesPresenter.swift in Sources */ = {isa = PBXBuildFile; fileRef = FD7B9AFD273E4B2A006B7610 /* PokemonFavouritesPresenter.swift */; };
		FD7B9B04273E4B2A006B7610 /* PokemonFavouritesViewController.swift in Sources */ = {isa = PBXBuildFile; fileRef = FD7B9AFE273E4B2A006B7610 /* PokemonFavouritesViewController.swift */; };
		FD7B9B05273E4B2A006B7610 /* PokemonFavouritesProtocols.swift in Sources */ = {isa = PBXBuildFile; fileRef = FD7B9AFF273E4B2A006B7610 /* PokemonFavouritesProtocols.swift */; };
		FD7B9B06273E4B2A006B7610 /* PokemonFavouritesInteractor.swift in Sources */ = {isa = PBXBuildFile; fileRef = FD7B9B00273E4B2A006B7610 /* PokemonFavouritesInteractor.swift */; };
		FD7B9B07273E4B2A006B7610 /* PokemonFavouritesViewController.xib in Resources */ = {isa = PBXBuildFile; fileRef = FD7B9B01273E4B2A006B7610 /* PokemonFavouritesViewController.xib */; };
		FD7B9B08273E4B2A006B7610 /* PokemonFavouritesWireframe.swift in Sources */ = {isa = PBXBuildFile; fileRef = FD7B9B02273E4B2A006B7610 /* PokemonFavouritesWireframe.swift */; };
		FD7CC042274505C5006D1CD5 /* (null) in Embed Frameworks */ = {isa = PBXBuildFile; settings = {ATTRIBUTES = (RemoveHeadersOnCopy, ); }; };
		FD7CC04A27450FFF006D1CD5 /* LoginOrSignUpPresenter.swift in Sources */ = {isa = PBXBuildFile; fileRef = FD7CC04427450FFF006D1CD5 /* LoginOrSignUpPresenter.swift */; };
		FD7CC04B27450FFF006D1CD5 /* LoginOrSignUpViewController.swift in Sources */ = {isa = PBXBuildFile; fileRef = FD7CC04527450FFF006D1CD5 /* LoginOrSignUpViewController.swift */; };
		FD7CC04C27450FFF006D1CD5 /* LoginOrSignUpProtocols.swift in Sources */ = {isa = PBXBuildFile; fileRef = FD7CC04627450FFF006D1CD5 /* LoginOrSignUpProtocols.swift */; };
		FD7CC04D27450FFF006D1CD5 /* LoginOrSignUpInteractor.swift in Sources */ = {isa = PBXBuildFile; fileRef = FD7CC04727450FFF006D1CD5 /* LoginOrSignUpInteractor.swift */; };
		FD7CC04E27450FFF006D1CD5 /* LoginOrSignUpViewController.xib in Resources */ = {isa = PBXBuildFile; fileRef = FD7CC04827450FFF006D1CD5 /* LoginOrSignUpViewController.xib */; };
		FD7CC04F27450FFF006D1CD5 /* LoginOrSignUpWireframe.swift in Sources */ = {isa = PBXBuildFile; fileRef = FD7CC04927450FFF006D1CD5 /* LoginOrSignUpWireframe.swift */; };
		FD7CC05727451023006D1CD5 /* LoginPresenter.swift in Sources */ = {isa = PBXBuildFile; fileRef = FD7CC05127451023006D1CD5 /* LoginPresenter.swift */; };
		FD7CC05827451023006D1CD5 /* LoginViewController.swift in Sources */ = {isa = PBXBuildFile; fileRef = FD7CC05227451023006D1CD5 /* LoginViewController.swift */; };
		FD7CC05927451023006D1CD5 /* LoginProtocols.swift in Sources */ = {isa = PBXBuildFile; fileRef = FD7CC05327451023006D1CD5 /* LoginProtocols.swift */; };
		FD7CC05A27451023006D1CD5 /* LoginInteractor.swift in Sources */ = {isa = PBXBuildFile; fileRef = FD7CC05427451023006D1CD5 /* LoginInteractor.swift */; };
		FD7CC05B27451023006D1CD5 /* LoginViewController.xib in Resources */ = {isa = PBXBuildFile; fileRef = FD7CC05527451023006D1CD5 /* LoginViewController.xib */; };
		FD7CC05C27451023006D1CD5 /* LoginWireframe.swift in Sources */ = {isa = PBXBuildFile; fileRef = FD7CC05627451023006D1CD5 /* LoginWireframe.swift */; };
		FD7CC07327452200006D1CD5 /* SignUpPresenter.swift in Sources */ = {isa = PBXBuildFile; fileRef = FD7CC06D27452200006D1CD5 /* SignUpPresenter.swift */; };
		FD7CC07427452200006D1CD5 /* SignUpViewController.swift in Sources */ = {isa = PBXBuildFile; fileRef = FD7CC06E27452200006D1CD5 /* SignUpViewController.swift */; };
		FD7CC07527452200006D1CD5 /* SignUpProtocols.swift in Sources */ = {isa = PBXBuildFile; fileRef = FD7CC06F27452200006D1CD5 /* SignUpProtocols.swift */; };
		FD7CC07627452200006D1CD5 /* SignUpInteractor.swift in Sources */ = {isa = PBXBuildFile; fileRef = FD7CC07027452200006D1CD5 /* SignUpInteractor.swift */; };
		FD7CC07727452200006D1CD5 /* SignUpViewController.xib in Resources */ = {isa = PBXBuildFile; fileRef = FD7CC07127452200006D1CD5 /* SignUpViewController.xib */; };
		FD7CC07827452200006D1CD5 /* SignUpWireframe.swift in Sources */ = {isa = PBXBuildFile; fileRef = FD7CC07227452200006D1CD5 /* SignUpWireframe.swift */; };
		FD7D316E27198B110031AB92 /* LaunchScreen.storyboard in Resources */ = {isa = PBXBuildFile; fileRef = FD7D316D27198B100031AB92 /* LaunchScreen.storyboard */; };
		FD806D97273BFC5500331C74 /* MainTabBarPresenter.swift in Sources */ = {isa = PBXBuildFile; fileRef = FD806D91273BFC5500331C74 /* MainTabBarPresenter.swift */; };
		FD806D98273BFC5500331C74 /* MainTabBarViewController.swift in Sources */ = {isa = PBXBuildFile; fileRef = FD806D92273BFC5500331C74 /* MainTabBarViewController.swift */; };
		FD806D99273BFC5500331C74 /* MainTabBarProtocols.swift in Sources */ = {isa = PBXBuildFile; fileRef = FD806D93273BFC5500331C74 /* MainTabBarProtocols.swift */; };
		FD806D9A273BFC5500331C74 /* MainTabBarInteractor.swift in Sources */ = {isa = PBXBuildFile; fileRef = FD806D94273BFC5500331C74 /* MainTabBarInteractor.swift */; };
		FD806D9B273BFC5500331C74 /* MainTabBarViewController.xib in Resources */ = {isa = PBXBuildFile; fileRef = FD806D95273BFC5500331C74 /* MainTabBarViewController.xib */; };
		FD806D9C273BFC5500331C74 /* MainTabBarWireframe.swift in Sources */ = {isa = PBXBuildFile; fileRef = FD806D96273BFC5500331C74 /* MainTabBarWireframe.swift */; };
		FD85C3A82696EAFC00EAF99F /* Data.swift in Sources */ = {isa = PBXBuildFile; fileRef = FD85C3A72696EAFC00EAF99F /* Data.swift */; };
		FD85C3AC2696EB1E00EAF99F /* DataManager.swift in Sources */ = {isa = PBXBuildFile; fileRef = FD85C3AB2696EB1E00EAF99F /* DataManager.swift */; };
		FD86C1522701A33C00DB4B8F /* Assets.xcassets in Resources */ = {isa = PBXBuildFile; fileRef = FD86C1512701A33C00DB4B8F /* Assets.xcassets */; };
		FD88DF3F26DE076E0094858B /* DDBBManager.swift in Sources */ = {isa = PBXBuildFile; fileRef = FD88DF3E26DE076E0094858B /* DDBBManager.swift */; };
		FDA34EEE26E8952900AE2143 /* PokemonListPresenter.swift in Sources */ = {isa = PBXBuildFile; fileRef = FDA34EE826E8952900AE2143 /* PokemonListPresenter.swift */; };
		FDA34EEF26E8952900AE2143 /* PokemonListViewController.swift in Sources */ = {isa = PBXBuildFile; fileRef = FDA34EE926E8952900AE2143 /* PokemonListViewController.swift */; };
		FDA34EF026E8952900AE2143 /* PokemonListProtocols.swift in Sources */ = {isa = PBXBuildFile; fileRef = FDA34EEA26E8952900AE2143 /* PokemonListProtocols.swift */; };
		FDA34EF126E8952900AE2143 /* PokemonListInteractor.swift in Sources */ = {isa = PBXBuildFile; fileRef = FDA34EEB26E8952900AE2143 /* PokemonListInteractor.swift */; };
		FDA34EF226E8952900AE2143 /* PokemonListViewController.xib in Resources */ = {isa = PBXBuildFile; fileRef = FDA34EEC26E8952900AE2143 /* PokemonListViewController.xib */; };
		FDA34EF326E8952900AE2143 /* PokemonListWireframe.swift in Sources */ = {isa = PBXBuildFile; fileRef = FDA34EED26E8952900AE2143 /* PokemonListWireframe.swift */; };
		FDA34EFB26E8954D00AE2143 /* PokemonDetailsPresenter.swift in Sources */ = {isa = PBXBuildFile; fileRef = FDA34EF526E8954D00AE2143 /* PokemonDetailsPresenter.swift */; };
		FDA34EFC26E8954D00AE2143 /* PokemonDetailsViewController.swift in Sources */ = {isa = PBXBuildFile; fileRef = FDA34EF626E8954D00AE2143 /* PokemonDetailsViewController.swift */; };
		FDA34EFD26E8954D00AE2143 /* PokemonDetailsProtocols.swift in Sources */ = {isa = PBXBuildFile; fileRef = FDA34EF726E8954D00AE2143 /* PokemonDetailsProtocols.swift */; };
		FDA34EFE26E8954D00AE2143 /* PokemonDetailsInteractor.swift in Sources */ = {isa = PBXBuildFile; fileRef = FDA34EF826E8954D00AE2143 /* PokemonDetailsInteractor.swift */; };
		FDA34EFF26E8954D00AE2143 /* PokemonDetailsViewController.xib in Resources */ = {isa = PBXBuildFile; fileRef = FDA34EF926E8954D00AE2143 /* PokemonDetailsViewController.xib */; };
		FDA34F0026E8954D00AE2143 /* PokemonDetailsWireframe.swift in Sources */ = {isa = PBXBuildFile; fileRef = FDA34EFA26E8954D00AE2143 /* PokemonDetailsWireframe.swift */; };
		FDF25E8426B17600002474BB /* PokemonCell.swift in Sources */ = {isa = PBXBuildFile; fileRef = FDF25E8226B17600002474BB /* PokemonCell.swift */; };
		FDF25E8526B17600002474BB /* PokemonCell.xib in Resources */ = {isa = PBXBuildFile; fileRef = FDF25E8326B17600002474BB /* PokemonCell.xib */; };
/* End PBXBuildFile section */

/* Begin PBXContainerItemProxy section */
		FD676B3E27269A7200318834 /* PBXContainerItemProxy */ = {
			isa = PBXContainerItemProxy;
			containerPortal = FD3172C42695CF90006810CA /* Project object */;
			proxyType = 1;
			remoteGlobalIDString = FD676B3827269A7200318834;
			remoteInfo = NotificationExtension;
		};
/* End PBXContainerItemProxy section */

/* Begin PBXCopyFilesBuildPhase section */
		FD676B4127269A7200318834 /* Embed App Extensions */ = {
			isa = PBXCopyFilesBuildPhase;
			buildActionMask = 2147483647;
			dstPath = "";
			dstSubfolderSpec = 13;
			files = (
				FD676B4027269A7200318834 /* NotificationExtension.appex in Embed App Extensions */,
			);
			name = "Embed App Extensions";
			runOnlyForDeploymentPostprocessing = 0;
		};
		FD7CC043274505C5006D1CD5 /* Embed Frameworks */ = {
			isa = PBXCopyFilesBuildPhase;
			buildActionMask = 2147483647;
			dstPath = "";
			dstSubfolderSpec = 10;
			files = (
				FD7CC042274505C5006D1CD5 /* (null) in Embed Frameworks */,
			);
			name = "Embed Frameworks";
			runOnlyForDeploymentPostprocessing = 0;
		};
/* End PBXCopyFilesBuildPhase section */

/* Begin PBXFileReference section */
		085F63513826F0F8E3F2B945 /* Pods-Poke-test.debug.xcconfig */ = {isa = PBXFileReference; includeInIndex = 1; lastKnownFileType = text.xcconfig; name = "Pods-Poke-test.debug.xcconfig"; path = "Target Support Files/Pods-Poke-test/Pods-Poke-test.debug.xcconfig"; sourceTree = "<group>"; };
		2FF1610285F0C565D3A223D3 /* Pods_NotificationExtension.framework */ = {isa = PBXFileReference; explicitFileType = wrapper.framework; includeInIndex = 0; path = Pods_NotificationExtension.framework; sourceTree = BUILT_PRODUCTS_DIR; };
		43F6D372EC6CD810E55195EE /* Pods_Poke_test.framework */ = {isa = PBXFileReference; explicitFileType = wrapper.framework; includeInIndex = 0; path = Pods_Poke_test.framework; sourceTree = BUILT_PRODUCTS_DIR; };
		62E7829E89C8FDE38FCF7DDB /* Pods-NotificationExtension.release.xcconfig */ = {isa = PBXFileReference; includeInIndex = 1; lastKnownFileType = text.xcconfig; name = "Pods-NotificationExtension.release.xcconfig"; path = "Target Support Files/Pods-NotificationExtension/Pods-NotificationExtension.release.xcconfig"; sourceTree = "<group>"; };
		EA16FC4DF4FDC81DE34C48F4 /* Pods-NotificationExtension.debug.xcconfig */ = {isa = PBXFileReference; includeInIndex = 1; lastKnownFileType = text.xcconfig; name = "Pods-NotificationExtension.debug.xcconfig"; path = "Target Support Files/Pods-NotificationExtension/Pods-NotificationExtension.debug.xcconfig"; sourceTree = "<group>"; };
		FB9D5B34F6577493398B32A9 /* Pods-Poke-test.release.xcconfig */ = {isa = PBXFileReference; includeInIndex = 1; lastKnownFileType = text.xcconfig; name = "Pods-Poke-test.release.xcconfig"; path = "Target Support Files/Pods-Poke-test/Pods-Poke-test.release.xcconfig"; sourceTree = "<group>"; };
		FD3172CC2695CF90006810CA /* Poke-test.app */ = {isa = PBXFileReference; explicitFileType = wrapper.application; includeInIndex = 0; path = "Poke-test.app"; sourceTree = BUILT_PRODUCTS_DIR; };
		FD3172CF2695CF90006810CA /* AppDelegate.swift */ = {isa = PBXFileReference; lastKnownFileType = sourcecode.swift; path = AppDelegate.swift; sourceTree = "<group>"; };
		FD56766F27293B5100E29371 /* NotificationExtensionDebug.entitlements */ = {isa = PBXFileReference; lastKnownFileType = text.plist.entitlements; path = NotificationExtensionDebug.entitlements; sourceTree = "<group>"; };
		FD56767027293B5700E29371 /* NotificationExtension.entitlements */ = {isa = PBXFileReference; lastKnownFileType = text.plist.entitlements; path = NotificationExtension.entitlements; sourceTree = "<group>"; };
		FD61B42226B4046800EDBF8C /* Constants.swift */ = {isa = PBXFileReference; lastKnownFileType = sourcecode.swift; path = Constants.swift; sourceTree = "<group>"; };
		FD64D039271D53E200473D88 /* Poke-test.entitlements */ = {isa = PBXFileReference; lastKnownFileType = text.plist.entitlements; path = "Poke-test.entitlements"; sourceTree = "<group>"; };
		FD676B3927269A7200318834 /* NotificationExtension.appex */ = {isa = PBXFileReference; explicitFileType = "wrapper.app-extension"; includeInIndex = 0; path = NotificationExtension.appex; sourceTree = BUILT_PRODUCTS_DIR; };
		FD676B3B27269A7200318834 /* NotificationService.swift */ = {isa = PBXFileReference; lastKnownFileType = sourcecode.swift; path = NotificationService.swift; sourceTree = "<group>"; };
		FD676B3D27269A7200318834 /* Info.plist */ = {isa = PBXFileReference; lastKnownFileType = text.plist.xml; path = Info.plist; sourceTree = "<group>"; };
		FD6B780E27392C2E0055A0AE /* Reachability.swift */ = {isa = PBXFileReference; lastKnownFileType = sourcecode.swift; path = Reachability.swift; sourceTree = "<group>"; };
		FD7A6002274BB49F0073C2EC /* GoogleService-Info.plist */ = {isa = PBXFileReference; fileEncoding = 4; lastKnownFileType = text.plist.xml; path = "GoogleService-Info.plist"; sourceTree = "<group>"; };
		FD7B1C66274E46C3004DBB0B /* en */ = {isa = PBXFileReference; lastKnownFileType = text.plist.strings; name = en; path = en.lproj/Localizable.strings; sourceTree = "<group>"; };
		FD7B1C67274E46C3004DBB0B /* es */ = {isa = PBXFileReference; lastKnownFileType = text.plist.strings; name = es; path = es.lproj/Localizable.strings; sourceTree = "<group>"; };
		FD7B1C69274E6639004DBB0B /* eu */ = {isa = PBXFileReference; lastKnownFileType = text.plist.strings; name = eu; path = eu.lproj/Localizable.strings; sourceTree = "<group>"; };
		FD7B9AFD273E4B2A006B7610 /* PokemonFavouritesPresenter.swift */ = {isa = PBXFileReference; lastKnownFileType = sourcecode.swift; path = PokemonFavouritesPresenter.swift; sourceTree = "<group>"; };
		FD7B9AFE273E4B2A006B7610 /* PokemonFavouritesViewController.swift */ = {isa = PBXFileReference; lastKnownFileType = sourcecode.swift; path = PokemonFavouritesViewController.swift; sourceTree = "<group>"; };
		FD7B9AFF273E4B2A006B7610 /* PokemonFavouritesProtocols.swift */ = {isa = PBXFileReference; lastKnownFileType = sourcecode.swift; path = PokemonFavouritesProtocols.swift; sourceTree = "<group>"; };
		FD7B9B00273E4B2A006B7610 /* PokemonFavouritesInteractor.swift */ = {isa = PBXFileReference; lastKnownFileType = sourcecode.swift; path = PokemonFavouritesInteractor.swift; sourceTree = "<group>"; };
		FD7B9B01273E4B2A006B7610 /* PokemonFavouritesViewController.xib */ = {isa = PBXFileReference; lastKnownFileType = file.xib; path = PokemonFavouritesViewController.xib; sourceTree = "<group>"; };
		FD7B9B02273E4B2A006B7610 /* PokemonFavouritesWireframe.swift */ = {isa = PBXFileReference; lastKnownFileType = sourcecode.swift; path = PokemonFavouritesWireframe.swift; sourceTree = "<group>"; };
		FD7CC04427450FFF006D1CD5 /* LoginOrSignUpPresenter.swift */ = {isa = PBXFileReference; lastKnownFileType = sourcecode.swift; path = LoginOrSignUpPresenter.swift; sourceTree = "<group>"; };
		FD7CC04527450FFF006D1CD5 /* LoginOrSignUpViewController.swift */ = {isa = PBXFileReference; lastKnownFileType = sourcecode.swift; path = LoginOrSignUpViewController.swift; sourceTree = "<group>"; };
		FD7CC04627450FFF006D1CD5 /* LoginOrSignUpProtocols.swift */ = {isa = PBXFileReference; lastKnownFileType = sourcecode.swift; path = LoginOrSignUpProtocols.swift; sourceTree = "<group>"; };
		FD7CC04727450FFF006D1CD5 /* LoginOrSignUpInteractor.swift */ = {isa = PBXFileReference; lastKnownFileType = sourcecode.swift; path = LoginOrSignUpInteractor.swift; sourceTree = "<group>"; };
		FD7CC04827450FFF006D1CD5 /* LoginOrSignUpViewController.xib */ = {isa = PBXFileReference; lastKnownFileType = file.xib; path = LoginOrSignUpViewController.xib; sourceTree = "<group>"; };
		FD7CC04927450FFF006D1CD5 /* LoginOrSignUpWireframe.swift */ = {isa = PBXFileReference; lastKnownFileType = sourcecode.swift; path = LoginOrSignUpWireframe.swift; sourceTree = "<group>"; };
		FD7CC05127451023006D1CD5 /* LoginPresenter.swift */ = {isa = PBXFileReference; lastKnownFileType = sourcecode.swift; path = LoginPresenter.swift; sourceTree = "<group>"; };
		FD7CC05227451023006D1CD5 /* LoginViewController.swift */ = {isa = PBXFileReference; lastKnownFileType = sourcecode.swift; path = LoginViewController.swift; sourceTree = "<group>"; };
		FD7CC05327451023006D1CD5 /* LoginProtocols.swift */ = {isa = PBXFileReference; lastKnownFileType = sourcecode.swift; path = LoginProtocols.swift; sourceTree = "<group>"; };
		FD7CC05427451023006D1CD5 /* LoginInteractor.swift */ = {isa = PBXFileReference; lastKnownFileType = sourcecode.swift; path = LoginInteractor.swift; sourceTree = "<group>"; };
		FD7CC05527451023006D1CD5 /* LoginViewController.xib */ = {isa = PBXFileReference; lastKnownFileType = file.xib; path = LoginViewController.xib; sourceTree = "<group>"; };
		FD7CC05627451023006D1CD5 /* LoginWireframe.swift */ = {isa = PBXFileReference; lastKnownFileType = sourcecode.swift; path = LoginWireframe.swift; sourceTree = "<group>"; };
		FD7CC06D27452200006D1CD5 /* SignUpPresenter.swift */ = {isa = PBXFileReference; lastKnownFileType = sourcecode.swift; path = SignUpPresenter.swift; sourceTree = "<group>"; };
		FD7CC06E27452200006D1CD5 /* SignUpViewController.swift */ = {isa = PBXFileReference; lastKnownFileType = sourcecode.swift; path = SignUpViewController.swift; sourceTree = "<group>"; };
		FD7CC06F27452200006D1CD5 /* SignUpProtocols.swift */ = {isa = PBXFileReference; lastKnownFileType = sourcecode.swift; path = SignUpProtocols.swift; sourceTree = "<group>"; };
		FD7CC07027452200006D1CD5 /* SignUpInteractor.swift */ = {isa = PBXFileReference; lastKnownFileType = sourcecode.swift; path = SignUpInteractor.swift; sourceTree = "<group>"; };
		FD7CC07127452200006D1CD5 /* SignUpViewController.xib */ = {isa = PBXFileReference; lastKnownFileType = file.xib; path = SignUpViewController.xib; sourceTree = "<group>"; };
		FD7CC07227452200006D1CD5 /* SignUpWireframe.swift */ = {isa = PBXFileReference; lastKnownFileType = sourcecode.swift; path = SignUpWireframe.swift; sourceTree = "<group>"; };
		FD7D316D27198B100031AB92 /* LaunchScreen.storyboard */ = {isa = PBXFileReference; lastKnownFileType = file.storyboard; path = LaunchScreen.storyboard; sourceTree = "<group>"; };
		FD806D91273BFC5500331C74 /* MainTabBarPresenter.swift */ = {isa = PBXFileReference; lastKnownFileType = sourcecode.swift; path = MainTabBarPresenter.swift; sourceTree = "<group>"; };
		FD806D92273BFC5500331C74 /* MainTabBarViewController.swift */ = {isa = PBXFileReference; lastKnownFileType = sourcecode.swift; path = MainTabBarViewController.swift; sourceTree = "<group>"; };
		FD806D93273BFC5500331C74 /* MainTabBarProtocols.swift */ = {isa = PBXFileReference; lastKnownFileType = sourcecode.swift; path = MainTabBarProtocols.swift; sourceTree = "<group>"; };
		FD806D94273BFC5500331C74 /* MainTabBarInteractor.swift */ = {isa = PBXFileReference; lastKnownFileType = sourcecode.swift; path = MainTabBarInteractor.swift; sourceTree = "<group>"; };
		FD806D95273BFC5500331C74 /* MainTabBarViewController.xib */ = {isa = PBXFileReference; lastKnownFileType = file.xib; path = MainTabBarViewController.xib; sourceTree = "<group>"; };
		FD806D96273BFC5500331C74 /* MainTabBarWireframe.swift */ = {isa = PBXFileReference; lastKnownFileType = sourcecode.swift; path = MainTabBarWireframe.swift; sourceTree = "<group>"; };
		FD85C3A72696EAFC00EAF99F /* Data.swift */ = {isa = PBXFileReference; lastKnownFileType = sourcecode.swift; path = Data.swift; sourceTree = "<group>"; };
		FD85C3AB2696EB1E00EAF99F /* DataManager.swift */ = {isa = PBXFileReference; lastKnownFileType = sourcecode.swift; path = DataManager.swift; sourceTree = "<group>"; };
		FD86C1512701A33C00DB4B8F /* Assets.xcassets */ = {isa = PBXFileReference; lastKnownFileType = folder.assetcatalog; path = Assets.xcassets; sourceTree = "<group>"; };
		FD88DF3E26DE076E0094858B /* DDBBManager.swift */ = {isa = PBXFileReference; lastKnownFileType = sourcecode.swift; path = DDBBManager.swift; sourceTree = "<group>"; };
		FDA34EE826E8952900AE2143 /* PokemonListPresenter.swift */ = {isa = PBXFileReference; lastKnownFileType = sourcecode.swift; path = PokemonListPresenter.swift; sourceTree = "<group>"; };
		FDA34EE926E8952900AE2143 /* PokemonListViewController.swift */ = {isa = PBXFileReference; lastKnownFileType = sourcecode.swift; path = PokemonListViewController.swift; sourceTree = "<group>"; };
		FDA34EEA26E8952900AE2143 /* PokemonListProtocols.swift */ = {isa = PBXFileReference; lastKnownFileType = sourcecode.swift; path = PokemonListProtocols.swift; sourceTree = "<group>"; };
		FDA34EEB26E8952900AE2143 /* PokemonListInteractor.swift */ = {isa = PBXFileReference; lastKnownFileType = sourcecode.swift; path = PokemonListInteractor.swift; sourceTree = "<group>"; };
		FDA34EEC26E8952900AE2143 /* PokemonListViewController.xib */ = {isa = PBXFileReference; lastKnownFileType = file.xib; path = PokemonListViewController.xib; sourceTree = "<group>"; };
		FDA34EED26E8952900AE2143 /* PokemonListWireframe.swift */ = {isa = PBXFileReference; lastKnownFileType = sourcecode.swift; path = PokemonListWireframe.swift; sourceTree = "<group>"; };
		FDA34EF526E8954D00AE2143 /* PokemonDetailsPresenter.swift */ = {isa = PBXFileReference; lastKnownFileType = sourcecode.swift; path = PokemonDetailsPresenter.swift; sourceTree = "<group>"; };
		FDA34EF626E8954D00AE2143 /* PokemonDetailsViewController.swift */ = {isa = PBXFileReference; lastKnownFileType = sourcecode.swift; path = PokemonDetailsViewController.swift; sourceTree = "<group>"; };
		FDA34EF726E8954D00AE2143 /* PokemonDetailsProtocols.swift */ = {isa = PBXFileReference; lastKnownFileType = sourcecode.swift; path = PokemonDetailsProtocols.swift; sourceTree = "<group>"; };
		FDA34EF826E8954D00AE2143 /* PokemonDetailsInteractor.swift */ = {isa = PBXFileReference; lastKnownFileType = sourcecode.swift; path = PokemonDetailsInteractor.swift; sourceTree = "<group>"; };
		FDA34EF926E8954D00AE2143 /* PokemonDetailsViewController.xib */ = {isa = PBXFileReference; lastKnownFileType = file.xib; path = PokemonDetailsViewController.xib; sourceTree = "<group>"; };
		FDA34EFA26E8954D00AE2143 /* PokemonDetailsWireframe.swift */ = {isa = PBXFileReference; lastKnownFileType = sourcecode.swift; path = PokemonDetailsWireframe.swift; sourceTree = "<group>"; };
		FDF25E8126B1724F002474BB /* Info.plist */ = {isa = PBXFileReference; lastKnownFileType = text.plist.xml; path = Info.plist; sourceTree = "<group>"; };
		FDF25E8226B17600002474BB /* PokemonCell.swift */ = {isa = PBXFileReference; lastKnownFileType = sourcecode.swift; path = PokemonCell.swift; sourceTree = "<group>"; };
		FDF25E8326B17600002474BB /* PokemonCell.xib */ = {isa = PBXFileReference; lastKnownFileType = file.xib; path = PokemonCell.xib; sourceTree = "<group>"; };
/* End PBXFileReference section */

/* Begin PBXFrameworksBuildPhase section */
		FD3172C92695CF90006810CA /* Frameworks */ = {
			isa = PBXFrameworksBuildPhase;
			buildActionMask = 2147483647;
			files = (
				8892A806BC7C02A358C27527 /* Pods_Poke_test.framework in Frameworks */,
			);
			runOnlyForDeploymentPostprocessing = 0;
		};
		FD676B3627269A7200318834 /* Frameworks */ = {
			isa = PBXFrameworksBuildPhase;
			buildActionMask = 2147483647;
			files = (
				74A499A0C7134511CCE567F1 /* Pods_NotificationExtension.framework in Frameworks */,
			);
			runOnlyForDeploymentPostprocessing = 0;
		};
/* End PBXFrameworksBuildPhase section */

/* Begin PBXGroup section */
		351E0D57C11208A7FDA3F436 /* Frameworks */ = {
			isa = PBXGroup;
			children = (
				43F6D372EC6CD810E55195EE /* Pods_Poke_test.framework */,
				2FF1610285F0C565D3A223D3 /* Pods_NotificationExtension.framework */,
			);
			name = Frameworks;
			sourceTree = "<group>";
		};
		5EC64DBEAFD90D2980EB309C /* Pods */ = {
			isa = PBXGroup;
			children = (
				085F63513826F0F8E3F2B945 /* Pods-Poke-test.debug.xcconfig */,
				FB9D5B34F6577493398B32A9 /* Pods-Poke-test.release.xcconfig */,
				EA16FC4DF4FDC81DE34C48F4 /* Pods-NotificationExtension.debug.xcconfig */,
				62E7829E89C8FDE38FCF7DDB /* Pods-NotificationExtension.release.xcconfig */,
			);
			path = Pods;
			sourceTree = "<group>";
		};
		FD3172C32695CF90006810CA = {
			isa = PBXGroup;
			children = (
				FD86C1512701A33C00DB4B8F /* Assets.xcassets */,
				FD3172CE2695CF90006810CA /* Poke-test */,
				FD676B3A27269A7200318834 /* NotificationExtension */,
				5EC64DBEAFD90D2980EB309C /* Pods */,
				FD3172CD2695CF90006810CA /* Products */,
				351E0D57C11208A7FDA3F436 /* Frameworks */,
			);
			sourceTree = "<group>";
		};
		FD3172CD2695CF90006810CA /* Products */ = {
			isa = PBXGroup;
			children = (
				FD3172CC2695CF90006810CA /* Poke-test.app */,
				FD676B3927269A7200318834 /* NotificationExtension.appex */,
			);
			name = Products;
			sourceTree = "<group>";
		};
		FD3172CE2695CF90006810CA /* Poke-test */ = {
			isa = PBXGroup;
			children = (
				FD7A6002274BB49F0073C2EC /* GoogleService-Info.plist */,
				FD64D039271D53E200473D88 /* Poke-test.entitlements */,
				FD3172CF2695CF90006810CA /* AppDelegate.swift */,
				FDA34F0226E8957400AE2143 /* Managers */,
				FDA34F0426E8A2DF00AE2143 /* Models */,
				FD806D90273BFC3100331C74 /* Modules */,
				FDF25E8126B1724F002474BB /* Info.plist */,
				FD7B1C64274E46C3004DBB0B /* Localizable.strings */,
				FD7D316D27198B100031AB92 /* LaunchScreen.storyboard */,
			);
			path = "Poke-test";
			sourceTree = "<group>";
		};
		FD676B3A27269A7200318834 /* NotificationExtension */ = {
			isa = PBXGroup;
			children = (
				FD56767027293B5700E29371 /* NotificationExtension.entitlements */,
				FD56766F27293B5100E29371 /* NotificationExtensionDebug.entitlements */,
				FD676B3B27269A7200318834 /* NotificationService.swift */,
				FD676B3D27269A7200318834 /* Info.plist */,
			);
			path = NotificationExtension;
			sourceTree = "<group>";
		};
		FD7B9B09273E4B34006B7610 /* PokemonFavourites */ = {
			isa = PBXGroup;
			children = (
				FD7B9B00273E4B2A006B7610 /* PokemonFavouritesInteractor.swift */,
				FD7B9AFD273E4B2A006B7610 /* PokemonFavouritesPresenter.swift */,
				FD7B9AFF273E4B2A006B7610 /* PokemonFavouritesProtocols.swift */,
				FD7B9AFE273E4B2A006B7610 /* PokemonFavouritesViewController.swift */,
				FD7B9B01273E4B2A006B7610 /* PokemonFavouritesViewController.xib */,
				FD7B9B02273E4B2A006B7610 /* PokemonFavouritesWireframe.swift */,
			);
			path = PokemonFavourites;
			sourceTree = "<group>";
		};
		FD7CC05027451004006D1CD5 /* LoginOrSignUp */ = {
			isa = PBXGroup;
			children = (
				FD7CC04427450FFF006D1CD5 /* LoginOrSignUpPresenter.swift */,
				FD7CC04527450FFF006D1CD5 /* LoginOrSignUpViewController.swift */,
				FD7CC04627450FFF006D1CD5 /* LoginOrSignUpProtocols.swift */,
				FD7CC04727450FFF006D1CD5 /* LoginOrSignUpInteractor.swift */,
				FD7CC04827450FFF006D1CD5 /* LoginOrSignUpViewController.xib */,
				FD7CC04927450FFF006D1CD5 /* LoginOrSignUpWireframe.swift */,
			);
			path = LoginOrSignUp;
			sourceTree = "<group>";
		};
		FD7CC05D27451027006D1CD5 /* Login */ = {
			isa = PBXGroup;
			children = (
				FD7CC05127451023006D1CD5 /* LoginPresenter.swift */,
				FD7CC05227451023006D1CD5 /* LoginViewController.swift */,
				FD7CC05327451023006D1CD5 /* LoginProtocols.swift */,
				FD7CC05427451023006D1CD5 /* LoginInteractor.swift */,
				FD7CC05527451023006D1CD5 /* LoginViewController.xib */,
				FD7CC05627451023006D1CD5 /* LoginWireframe.swift */,
			);
			path = Login;
			sourceTree = "<group>";
		};
		FD7CC06B27451984006D1CD5 /* Menu */ = {
			isa = PBXGroup;
			children = (
				FD806D9D273BFC6700331C74 /* MainTabBar */,
				FDA34F0326E8A2BD00AE2143 /* PokemonList */,
				FD7B9B09273E4B34006B7610 /* PokemonFavourites */,
				FD7FD3582716F275008E0448 /* Pokemon Cell */,
				FDA34F0126E8955B00AE2143 /* PokemonDetails */,
			);
			path = Menu;
			sourceTree = "<group>";
		};
		FD7CC06C274519D8006D1CD5 /* Start */ = {
			isa = PBXGroup;
			children = (
				FD7CC05027451004006D1CD5 /* LoginOrSignUp */,
				FD7CC05D27451027006D1CD5 /* Login */,
				FD7CC07A2745220F006D1CD5 /* SignUp */,
			);
			path = Start;
			sourceTree = "<group>";
		};
		FD7CC07A2745220F006D1CD5 /* SignUp */ = {
			isa = PBXGroup;
			children = (
				FD7CC06D27452200006D1CD5 /* SignUpPresenter.swift */,
				FD7CC06E27452200006D1CD5 /* SignUpViewController.swift */,
				FD7CC06F27452200006D1CD5 /* SignUpProtocols.swift */,
				FD7CC07027452200006D1CD5 /* SignUpInteractor.swift */,
				FD7CC07127452200006D1CD5 /* SignUpViewController.xib */,
				FD7CC07227452200006D1CD5 /* SignUpWireframe.swift */,
			);
			path = SignUp;
			sourceTree = "<group>";
		};
		FD7FD3582716F275008E0448 /* Pokemon Cell */ = {
			isa = PBXGroup;
			children = (
				FDF25E8226B17600002474BB /* PokemonCell.swift */,
				FDF25E8326B17600002474BB /* PokemonCell.xib */,
			);
			path = "Pokemon Cell";
			sourceTree = "<group>";
		};
		FD806D90273BFC3100331C74 /* Modules */ = {
			isa = PBXGroup;
			children = (
				FD7CC06B27451984006D1CD5 /* Menu */,
				FD7CC06C274519D8006D1CD5 /* Start */,
			);
			path = Modules;
			sourceTree = "<group>";
		};
		FD806D9D273BFC6700331C74 /* MainTabBar */ = {
			isa = PBXGroup;
			children = (
				FD806D91273BFC5500331C74 /* MainTabBarPresenter.swift */,
				FD806D92273BFC5500331C74 /* MainTabBarViewController.swift */,
				FD806D93273BFC5500331C74 /* MainTabBarProtocols.swift */,
				FD806D94273BFC5500331C74 /* MainTabBarInteractor.swift */,
				FD806D95273BFC5500331C74 /* MainTabBarViewController.xib */,
				FD806D96273BFC5500331C74 /* MainTabBarWireframe.swift */,
			);
			path = MainTabBar;
			sourceTree = "<group>";
		};
		FDA34F0126E8955B00AE2143 /* PokemonDetails */ = {
			isa = PBXGroup;
			children = (
				FDA34EF826E8954D00AE2143 /* PokemonDetailsInteractor.swift */,
				FDA34EF526E8954D00AE2143 /* PokemonDetailsPresenter.swift */,
				FDA34EF726E8954D00AE2143 /* PokemonDetailsProtocols.swift */,
				FDA34EF626E8954D00AE2143 /* PokemonDetailsViewController.swift */,
				FDA34EF926E8954D00AE2143 /* PokemonDetailsViewController.xib */,
				FDA34EFA26E8954D00AE2143 /* PokemonDetailsWireframe.swift */,
			);
			path = PokemonDetails;
			sourceTree = "<group>";
		};
		FDA34F0226E8957400AE2143 /* Managers */ = {
			isa = PBXGroup;
			children = (
				FD85C3AB2696EB1E00EAF99F /* DataManager.swift */,
				FD88DF3E26DE076E0094858B /* DDBBManager.swift */,
				FD6B780E27392C2E0055A0AE /* Reachability.swift */,
			);
			path = Managers;
			sourceTree = "<group>";
		};
		FDA34F0326E8A2BD00AE2143 /* PokemonList */ = {
			isa = PBXGroup;
			children = (
				FDA34EEB26E8952900AE2143 /* PokemonListInteractor.swift */,
				FDA34EE826E8952900AE2143 /* PokemonListPresenter.swift */,
				FDA34EEA26E8952900AE2143 /* PokemonListProtocols.swift */,
				FDA34EE926E8952900AE2143 /* PokemonListViewController.swift */,
				FDA34EEC26E8952900AE2143 /* PokemonListViewController.xib */,
				FDA34EED26E8952900AE2143 /* PokemonListWireframe.swift */,
			);
			path = PokemonList;
			sourceTree = "<group>";
		};
		FDA34F0426E8A2DF00AE2143 /* Models */ = {
			isa = PBXGroup;
			children = (
				FD85C3A72696EAFC00EAF99F /* Data.swift */,
				FD61B42226B4046800EDBF8C /* Constants.swift */,
			);
			path = Models;
			sourceTree = "<group>";
		};
/* End PBXGroup section */

/* Begin PBXNativeTarget section */
		FD3172CB2695CF90006810CA /* Poke-test */ = {
			isa = PBXNativeTarget;
			buildConfigurationList = FD3172E02695CF91006810CA /* Build configuration list for PBXNativeTarget "Poke-test" */;
			buildPhases = (
				C764B513FACC8F3819644917 /* [CP] Check Pods Manifest.lock */,
				FD3172C82695CF90006810CA /* Sources */,
				FD3172C92695CF90006810CA /* Frameworks */,
				FD3172CA2695CF90006810CA /* Resources */,
				FD676B4127269A7200318834 /* Embed App Extensions */,
				B3A0225CF01F3E0A78A6D01E /* [CP] Embed Pods Frameworks */,
				FD8CE3052768AF8F00924721 /* Firebase Crashlytics */,
			);
			buildRules = (
			);
			dependencies = (
				FD676B3F27269A7200318834 /* PBXTargetDependency */,
			);
			name = "Poke-test";
			packageProductDependencies = (
			);
			productName = "Poke-test";
			productReference = FD3172CC2695CF90006810CA /* Poke-test.app */;
			productType = "com.apple.product-type.application";
		};
		FD676B3827269A7200318834 /* NotificationExtension */ = {
			isa = PBXNativeTarget;
			buildConfigurationList = FD676B4427269A7200318834 /* Build configuration list for PBXNativeTarget "NotificationExtension" */;
			buildPhases = (
				5CB211BE1C07B72618A3EEAD /* [CP] Check Pods Manifest.lock */,
				FD676B3527269A7200318834 /* Sources */,
				FD676B3627269A7200318834 /* Frameworks */,
				FD676B3727269A7200318834 /* Resources */,
				FD7CC043274505C5006D1CD5 /* Embed Frameworks */,
			);
			buildRules = (
			);
			dependencies = (
			);
			name = NotificationExtension;
			productName = NotificationExtension;
			productReference = FD676B3927269A7200318834 /* NotificationExtension.appex */;
			productType = "com.apple.product-type.app-extension";
		};
/* End PBXNativeTarget section */

/* Begin PBXProject section */
		FD3172C42695CF90006810CA /* Project object */ = {
			isa = PBXProject;
			attributes = {
				LastSwiftUpdateCheck = 1300;
				LastUpgradeCheck = 1310;
				TargetAttributes = {
					FD3172CB2695CF90006810CA = {
						CreatedOnToolsVersion = 12.5.1;
					};
					FD676B3827269A7200318834 = {
						CreatedOnToolsVersion = 13.0;
					};
				};
			};
			buildConfigurationList = FD3172C72695CF90006810CA /* Build configuration list for PBXProject "Poke-test" */;
			compatibilityVersion = "Xcode 9.3";
			developmentRegion = en;
			hasScannedForEncodings = 0;
			knownRegions = (
				en,
				es,
				Base,
				eu,
			);
			mainGroup = FD3172C32695CF90006810CA;
			packageReferences = (
			);
			productRefGroup = FD3172CD2695CF90006810CA /* Products */;
			projectDirPath = "";
			projectRoot = "";
			targets = (
				FD3172CB2695CF90006810CA /* Poke-test */,
				FD676B3827269A7200318834 /* NotificationExtension */,
			);
		};
/* End PBXProject section */

/* Begin PBXResourcesBuildPhase section */
		FD3172CA2695CF90006810CA /* Resources */ = {
			isa = PBXResourcesBuildPhase;
			buildActionMask = 2147483647;
			files = (
				FD7CC05B27451023006D1CD5 /* LoginViewController.xib in Resources */,
				FD7B1C68274E46C3004DBB0B /* Localizable.strings in Resources */,
				FDA34EFF26E8954D00AE2143 /* PokemonDetailsViewController.xib in Resources */,
				FD86C1522701A33C00DB4B8F /* Assets.xcassets in Resources */,
				FDF25E8526B17600002474BB /* PokemonCell.xib in Resources */,
				FD7D316E27198B110031AB92 /* LaunchScreen.storyboard in Resources */,
				FD7CC07727452200006D1CD5 /* SignUpViewController.xib in Resources */,
				FD7B9B07273E4B2A006B7610 /* PokemonFavouritesViewController.xib in Resources */,
				FDA34EF226E8952900AE2143 /* PokemonListViewController.xib in Resources */,
				FD7A6003274BB4A00073C2EC /* GoogleService-Info.plist in Resources */,
				FD806D9B273BFC5500331C74 /* MainTabBarViewController.xib in Resources */,
				FD7CC04E27450FFF006D1CD5 /* LoginOrSignUpViewController.xib in Resources */,
			);
			runOnlyForDeploymentPostprocessing = 0;
		};
		FD676B3727269A7200318834 /* Resources */ = {
			isa = PBXResourcesBuildPhase;
			buildActionMask = 2147483647;
			files = (
			);
			runOnlyForDeploymentPostprocessing = 0;
		};
/* End PBXResourcesBuildPhase section */

/* Begin PBXShellScriptBuildPhase section */
		5CB211BE1C07B72618A3EEAD /* [CP] Check Pods Manifest.lock */ = {
			isa = PBXShellScriptBuildPhase;
			buildActionMask = 2147483647;
			files = (
			);
			inputFileListPaths = (
			);
			inputPaths = (
				"${PODS_PODFILE_DIR_PATH}/Podfile.lock",
				"${PODS_ROOT}/Manifest.lock",
			);
			name = "[CP] Check Pods Manifest.lock";
			outputFileListPaths = (
			);
			outputPaths = (
				"$(DERIVED_FILE_DIR)/Pods-NotificationExtension-checkManifestLockResult.txt",
			);
			runOnlyForDeploymentPostprocessing = 0;
			shellPath = /bin/sh;
			shellScript = "diff \"${PODS_PODFILE_DIR_PATH}/Podfile.lock\" \"${PODS_ROOT}/Manifest.lock\" > /dev/null\nif [ $? != 0 ] ; then\n    # print error to STDERR\n    echo \"error: The sandbox is not in sync with the Podfile.lock. Run 'pod install' or update your CocoaPods installation.\" >&2\n    exit 1\nfi\n# This output is used by Xcode 'outputs' to avoid re-running this script phase.\necho \"SUCCESS\" > \"${SCRIPT_OUTPUT_FILE_0}\"\n";
			showEnvVarsInLog = 0;
		};
		B3A0225CF01F3E0A78A6D01E /* [CP] Embed Pods Frameworks */ = {
			isa = PBXShellScriptBuildPhase;
			buildActionMask = 2147483647;
			files = (
			);
			inputFileListPaths = (
				"${PODS_ROOT}/Target Support Files/Pods-Poke-test/Pods-Poke-test-frameworks-${CONFIGURATION}-input-files.xcfilelist",
			);
			name = "[CP] Embed Pods Frameworks";
			outputFileListPaths = (
				"${PODS_ROOT}/Target Support Files/Pods-Poke-test/Pods-Poke-test-frameworks-${CONFIGURATION}-output-files.xcfilelist",
			);
			runOnlyForDeploymentPostprocessing = 0;
			shellPath = /bin/sh;
			shellScript = "\"${PODS_ROOT}/Target Support Files/Pods-Poke-test/Pods-Poke-test-frameworks.sh\"\n";
			showEnvVarsInLog = 0;
		};
		C764B513FACC8F3819644917 /* [CP] Check Pods Manifest.lock */ = {
			isa = PBXShellScriptBuildPhase;
			buildActionMask = 2147483647;
			files = (
			);
			inputFileListPaths = (
			);
			inputPaths = (
				"${PODS_PODFILE_DIR_PATH}/Podfile.lock",
				"${PODS_ROOT}/Manifest.lock",
			);
			name = "[CP] Check Pods Manifest.lock";
			outputFileListPaths = (
			);
			outputPaths = (
				"$(DERIVED_FILE_DIR)/Pods-Poke-test-checkManifestLockResult.txt",
			);
			runOnlyForDeploymentPostprocessing = 0;
			shellPath = /bin/sh;
			shellScript = "diff \"${PODS_PODFILE_DIR_PATH}/Podfile.lock\" \"${PODS_ROOT}/Manifest.lock\" > /dev/null\nif [ $? != 0 ] ; then\n    # print error to STDERR\n    echo \"error: The sandbox is not in sync with the Podfile.lock. Run 'pod install' or update your CocoaPods installation.\" >&2\n    exit 1\nfi\n# This output is used by Xcode 'outputs' to avoid re-running this script phase.\necho \"SUCCESS\" > \"${SCRIPT_OUTPUT_FILE_0}\"\n";
			showEnvVarsInLog = 0;
		};
		FD8CE3052768AF8F00924721 /* Firebase Crashlytics */ = {
			isa = PBXShellScriptBuildPhase;
			buildActionMask = 2147483647;
			files = (
			);
			inputFileListPaths = (
			);
			inputPaths = (
				"${DWARF_DSYM_FOLDER_PATH}/${DWARF_DSYM_FILE_NAME}/Contents/Resources/DWARF/${TARGET_NAME}",
				"$(SRCROOT)/$(BUILT_PRODUCTS_DIR)/$(INFOPLIST_PATH)",
			);
			name = "Firebase Crashlytics";
			outputFileListPaths = (
			);
			outputPaths = (
			);
			runOnlyForDeploymentPostprocessing = 0;
			shellPath = /bin/sh;
			shellScript = "# Type a script or drag a script file from your workspace to insert its path.\n\"${PODS_ROOT}/FirebaseCrashlytics/run\"\n";
		};
/* End PBXShellScriptBuildPhase section */

/* Begin PBXSourcesBuildPhase section */
		FD3172C82695CF90006810CA /* Sources */ = {
			isa = PBXSourcesBuildPhase;
			buildActionMask = 2147483647;
			files = (
				FD7B9B04273E4B2A006B7610 /* PokemonFavouritesViewController.swift in Sources */,
				FD7CC05927451023006D1CD5 /* LoginProtocols.swift in Sources */,
				FD85C3AC2696EB1E00EAF99F /* DataManager.swift in Sources */,
				FD7CC04D27450FFF006D1CD5 /* LoginOrSignUpInteractor.swift in Sources */,
				FDA34EFB26E8954D00AE2143 /* PokemonDetailsPresenter.swift in Sources */,
				FDA34EEE26E8952900AE2143 /* PokemonListPresenter.swift in Sources */,
				FD7CC07827452200006D1CD5 /* SignUpWireframe.swift in Sources */,
				FD7CC07327452200006D1CD5 /* SignUpPresenter.swift in Sources */,
				FDA34EF026E8952900AE2143 /* PokemonListProtocols.swift in Sources */,
				FDA34EF126E8952900AE2143 /* PokemonListInteractor.swift in Sources */,
				FD7CC05A27451023006D1CD5 /* LoginInteractor.swift in Sources */,
				FDA34EFC26E8954D00AE2143 /* PokemonDetailsViewController.swift in Sources */,
				FD6B780F27392C2E0055A0AE /* Reachability.swift in Sources */,
				FD7CC04F27450FFF006D1CD5 /* LoginOrSignUpWireframe.swift in Sources */,
				FD7B9B05273E4B2A006B7610 /* PokemonFavouritesProtocols.swift in Sources */,
				FD3172D02695CF90006810CA /* AppDelegate.swift in Sources */,
				FD7B9B03273E4B2A006B7610 /* PokemonFavouritesPresenter.swift in Sources */,
				FD806D9A273BFC5500331C74 /* MainTabBarInteractor.swift in Sources */,
				FD806D9C273BFC5500331C74 /* MainTabBarWireframe.swift in Sources */,
				FD7CC05727451023006D1CD5 /* LoginPresenter.swift in Sources */,
				FD88DF3F26DE076E0094858B /* DDBBManager.swift in Sources */,
				FDA34F0026E8954D00AE2143 /* PokemonDetailsWireframe.swift in Sources */,
				FD806D99273BFC5500331C74 /* MainTabBarProtocols.swift in Sources */,
				FD85C3A82696EAFC00EAF99F /* Data.swift in Sources */,
				FD806D98273BFC5500331C74 /* MainTabBarViewController.swift in Sources */,
				FD7CC07427452200006D1CD5 /* SignUpViewController.swift in Sources */,
				FD7CC05C27451023006D1CD5 /* LoginWireframe.swift in Sources */,
				FD7CC04C27450FFF006D1CD5 /* LoginOrSignUpProtocols.swift in Sources */,
				FD7CC07527452200006D1CD5 /* SignUpProtocols.swift in Sources */,
				FDF25E8426B17600002474BB /* PokemonCell.swift in Sources */,
				FDA34EFD26E8954D00AE2143 /* PokemonDetailsProtocols.swift in Sources */,
				FD61B42326B4046800EDBF8C /* Constants.swift in Sources */,
				FDA34EF326E8952900AE2143 /* PokemonListWireframe.swift in Sources */,
				FD7B9B06273E4B2A006B7610 /* PokemonFavouritesInteractor.swift in Sources */,
				FDA34EEF26E8952900AE2143 /* PokemonListViewController.swift in Sources */,
				FDA34EFE26E8954D00AE2143 /* PokemonDetailsInteractor.swift in Sources */,
				FD806D97273BFC5500331C74 /* MainTabBarPresenter.swift in Sources */,
				FD7CC05827451023006D1CD5 /* LoginViewController.swift in Sources */,
				FD7B9B08273E4B2A006B7610 /* PokemonFavouritesWireframe.swift in Sources */,
				FD7CC07627452200006D1CD5 /* SignUpInteractor.swift in Sources */,
				FD7CC04B27450FFF006D1CD5 /* LoginOrSignUpViewController.swift in Sources */,
				FD7CC04A27450FFF006D1CD5 /* LoginOrSignUpPresenter.swift in Sources */,
			);
			runOnlyForDeploymentPostprocessing = 0;
		};
		FD676B3527269A7200318834 /* Sources */ = {
			isa = PBXSourcesBuildPhase;
			buildActionMask = 2147483647;
			files = (
				FD676B3C27269A7200318834 /* NotificationService.swift in Sources */,
			);
			runOnlyForDeploymentPostprocessing = 0;
		};
/* End PBXSourcesBuildPhase section */

/* Begin PBXTargetDependency section */
		FD676B3F27269A7200318834 /* PBXTargetDependency */ = {
			isa = PBXTargetDependency;
			target = FD676B3827269A7200318834 /* NotificationExtension */;
			targetProxy = FD676B3E27269A7200318834 /* PBXContainerItemProxy */;
		};
/* End PBXTargetDependency section */

/* Begin PBXVariantGroup section */
		FD7B1C64274E46C3004DBB0B /* Localizable.strings */ = {
			isa = PBXVariantGroup;
			children = (
				FD7B1C66274E46C3004DBB0B /* en */,
				FD7B1C67274E46C3004DBB0B /* es */,
				FD7B1C69274E6639004DBB0B /* eu */,
			);
			name = Localizable.strings;
			sourceTree = "<group>";
		};
/* End PBXVariantGroup section */

/* Begin XCBuildConfiguration section */
		FD3172DE2695CF91006810CA /* Debug */ = {
			isa = XCBuildConfiguration;
			buildSettings = {
				ALWAYS_SEARCH_USER_PATHS = NO;
				CLANG_ANALYZER_LOCALIZABILITY_NONLOCALIZED = YES;
				CLANG_ANALYZER_NONNULL = YES;
				CLANG_ANALYZER_NUMBER_OBJECT_CONVERSION = YES_AGGRESSIVE;
				CLANG_CXX_LANGUAGE_STANDARD = "gnu++14";
				CLANG_CXX_LIBRARY = "libc++";
				CLANG_ENABLE_MODULES = YES;
				CLANG_ENABLE_OBJC_ARC = YES;
				CLANG_ENABLE_OBJC_WEAK = YES;
				CLANG_WARN_BLOCK_CAPTURE_AUTORELEASING = YES;
				CLANG_WARN_BOOL_CONVERSION = YES;
				CLANG_WARN_COMMA = YES;
				CLANG_WARN_CONSTANT_CONVERSION = YES;
				CLANG_WARN_DEPRECATED_OBJC_IMPLEMENTATIONS = YES;
				CLANG_WARN_DIRECT_OBJC_ISA_USAGE = YES_ERROR;
				CLANG_WARN_DOCUMENTATION_COMMENTS = YES;
				CLANG_WARN_EMPTY_BODY = YES;
				CLANG_WARN_ENUM_CONVERSION = YES;
				CLANG_WARN_INFINITE_RECURSION = YES;
				CLANG_WARN_INT_CONVERSION = YES;
				CLANG_WARN_NON_LITERAL_NULL_CONVERSION = YES;
				CLANG_WARN_OBJC_IMPLICIT_RETAIN_SELF = YES;
				CLANG_WARN_OBJC_LITERAL_CONVERSION = YES;
				CLANG_WARN_OBJC_ROOT_CLASS = YES_ERROR;
				CLANG_WARN_QUOTED_INCLUDE_IN_FRAMEWORK_HEADER = YES;
				CLANG_WARN_RANGE_LOOP_ANALYSIS = YES;
				CLANG_WARN_STRICT_PROTOTYPES = YES;
				CLANG_WARN_SUSPICIOUS_MOVE = YES;
				CLANG_WARN_UNGUARDED_AVAILABILITY = YES_AGGRESSIVE;
				CLANG_WARN_UNREACHABLE_CODE = YES;
				CLANG_WARN__DUPLICATE_METHOD_MATCH = YES;
				COPY_PHASE_STRIP = NO;
				DEBUG_ACTIVITY_MODE = "";
				"DEBUG_ACTIVITY_MODE[sdk=iphonesimulator*]" = disable;
				DEBUG_INFORMATION_FORMAT = dwarf;
				ENABLE_STRICT_OBJC_MSGSEND = YES;
				ENABLE_TESTABILITY = YES;
				GCC_C_LANGUAGE_STANDARD = gnu11;
				GCC_DYNAMIC_NO_PIC = NO;
				GCC_NO_COMMON_BLOCKS = YES;
				GCC_OPTIMIZATION_LEVEL = 0;
				GCC_PREPROCESSOR_DEFINITIONS = (
					"DEBUG=1",
					"$(inherited)",
				);
				GCC_WARN_64_TO_32_BIT_CONVERSION = YES;
				GCC_WARN_ABOUT_RETURN_TYPE = YES_ERROR;
				GCC_WARN_UNDECLARED_SELECTOR = YES;
				GCC_WARN_UNINITIALIZED_AUTOS = YES_AGGRESSIVE;
				GCC_WARN_UNUSED_FUNCTION = YES;
				GCC_WARN_UNUSED_VARIABLE = YES;
				IPHONEOS_DEPLOYMENT_TARGET = 12.0;
				MTL_ENABLE_DEBUG_INFO = INCLUDE_SOURCE;
				MTL_FAST_MATH = YES;
				ONLY_ACTIVE_ARCH = YES;
				SDKROOT = iphoneos;
				SWIFT_ACTIVE_COMPILATION_CONDITIONS = DEBUG;
				SWIFT_OPTIMIZATION_LEVEL = "-Onone";
			};
			name = Debug;
		};
		FD3172DF2695CF91006810CA /* Release */ = {
			isa = XCBuildConfiguration;
			buildSettings = {
				ALWAYS_SEARCH_USER_PATHS = NO;
				CLANG_ANALYZER_LOCALIZABILITY_NONLOCALIZED = YES;
				CLANG_ANALYZER_NONNULL = YES;
				CLANG_ANALYZER_NUMBER_OBJECT_CONVERSION = YES_AGGRESSIVE;
				CLANG_CXX_LANGUAGE_STANDARD = "gnu++14";
				CLANG_CXX_LIBRARY = "libc++";
				CLANG_ENABLE_MODULES = YES;
				CLANG_ENABLE_OBJC_ARC = YES;
				CLANG_ENABLE_OBJC_WEAK = YES;
				CLANG_WARN_BLOCK_CAPTURE_AUTORELEASING = YES;
				CLANG_WARN_BOOL_CONVERSION = YES;
				CLANG_WARN_COMMA = YES;
				CLANG_WARN_CONSTANT_CONVERSION = YES;
				CLANG_WARN_DEPRECATED_OBJC_IMPLEMENTATIONS = YES;
				CLANG_WARN_DIRECT_OBJC_ISA_USAGE = YES_ERROR;
				CLANG_WARN_DOCUMENTATION_COMMENTS = YES;
				CLANG_WARN_EMPTY_BODY = YES;
				CLANG_WARN_ENUM_CONVERSION = YES;
				CLANG_WARN_INFINITE_RECURSION = YES;
				CLANG_WARN_INT_CONVERSION = YES;
				CLANG_WARN_NON_LITERAL_NULL_CONVERSION = YES;
				CLANG_WARN_OBJC_IMPLICIT_RETAIN_SELF = YES;
				CLANG_WARN_OBJC_LITERAL_CONVERSION = YES;
				CLANG_WARN_OBJC_ROOT_CLASS = YES_ERROR;
				CLANG_WARN_QUOTED_INCLUDE_IN_FRAMEWORK_HEADER = YES;
				CLANG_WARN_RANGE_LOOP_ANALYSIS = YES;
				CLANG_WARN_STRICT_PROTOTYPES = YES;
				CLANG_WARN_SUSPICIOUS_MOVE = YES;
				CLANG_WARN_UNGUARDED_AVAILABILITY = YES_AGGRESSIVE;
				CLANG_WARN_UNREACHABLE_CODE = YES;
				CLANG_WARN__DUPLICATE_METHOD_MATCH = YES;
				COPY_PHASE_STRIP = NO;
				DEBUG_ACTIVITY_MODE = "";
				DEBUG_INFORMATION_FORMAT = "dwarf-with-dsym";
				ENABLE_NS_ASSERTIONS = NO;
				ENABLE_STRICT_OBJC_MSGSEND = YES;
				GCC_C_LANGUAGE_STANDARD = gnu11;
				GCC_NO_COMMON_BLOCKS = YES;
				GCC_WARN_64_TO_32_BIT_CONVERSION = YES;
				GCC_WARN_ABOUT_RETURN_TYPE = YES_ERROR;
				GCC_WARN_UNDECLARED_SELECTOR = YES;
				GCC_WARN_UNINITIALIZED_AUTOS = YES_AGGRESSIVE;
				GCC_WARN_UNUSED_FUNCTION = YES;
				GCC_WARN_UNUSED_VARIABLE = YES;
				IPHONEOS_DEPLOYMENT_TARGET = 12.0;
				MTL_ENABLE_DEBUG_INFO = NO;
				MTL_FAST_MATH = YES;
				SDKROOT = iphoneos;
				SWIFT_COMPILATION_MODE = wholemodule;
				SWIFT_OPTIMIZATION_LEVEL = "-O";
				VALIDATE_PRODUCT = YES;
			};
			name = Release;
		};
		FD3172E12695CF91006810CA /* Debug */ = {
			isa = XCBuildConfiguration;
			baseConfigurationReference = 085F63513826F0F8E3F2B945 /* Pods-Poke-test.debug.xcconfig */;
			buildSettings = {
				ASSETCATALOG_COMPILER_APPICON_NAME = AppIcon;
				CODE_SIGN_ENTITLEMENTS = "Poke-test/Poke-test.entitlements";
				CODE_SIGN_IDENTITY = "iPhone Developer";
				CODE_SIGN_STYLE = Manual;
				DEBUG_INFORMATION_FORMAT = "dwarf-with-dsym";
				DEVELOPMENT_TEAM = WV4ELQGDQE;
				INFOPLIST_FILE = "Poke-test/Info.plist";
				LD_RUNPATH_SEARCH_PATHS = "$(inherited)";
				MARKETING_VERSION = 1.2.0;
				OTHER_LDFLAGS = "$(inherited)";
				PRODUCT_BUNDLE_IDENTIFIER = "com.baturamobile.jokin-poketest";
				PRODUCT_NAME = "$(TARGET_NAME)";
				PROVISIONING_PROFILE_SPECIFIER = "Poke Test Jokin - Debug";
				SWIFT_VERSION = 5.0;
				TARGETED_DEVICE_FAMILY = "1,2";
			};
			name = Debug;
		};
		FD3172E22695CF91006810CA /* Release */ = {
			isa = XCBuildConfiguration;
			baseConfigurationReference = FB9D5B34F6577493398B32A9 /* Pods-Poke-test.release.xcconfig */;
			buildSettings = {
				ASSETCATALOG_COMPILER_APPICON_NAME = AppIcon;
				CODE_SIGN_ENTITLEMENTS = "Poke-test/Poke-test.entitlements";
				CODE_SIGN_IDENTITY = "iPhone Distribution";
				CODE_SIGN_STYLE = Manual;
				DEVELOPMENT_TEAM = WV4ELQGDQE;
				INFOPLIST_FILE = "Poke-test/Info.plist";
				LD_RUNPATH_SEARCH_PATHS = "$(inherited)";
				MARKETING_VERSION = 1.2.0;
				OTHER_LDFLAGS = "$(inherited)";
				PRODUCT_BUNDLE_IDENTIFIER = "com.baturamobile.jokin-poketest";
				PRODUCT_NAME = "$(TARGET_NAME)";
				PROVISIONING_PROFILE_SPECIFIER = "Poke Test Jokin - Release";
				SWIFT_VERSION = 5.0;
				TARGETED_DEVICE_FAMILY = "1,2";
			};
			name = Release;
		};
		FD676B4227269A7200318834 /* Debug */ = {
			isa = XCBuildConfiguration;
			baseConfigurationReference = EA16FC4DF4FDC81DE34C48F4 /* Pods-NotificationExtension.debug.xcconfig */;
			buildSettings = {
				CLANG_CXX_LANGUAGE_STANDARD = "gnu++17";
				CODE_SIGN_ENTITLEMENTS = NotificationExtension/NotificationExtensionDebug.entitlements;
				CODE_SIGN_IDENTITY = "iPhone Developer";
				CODE_SIGN_STYLE = Manual;
				CURRENT_PROJECT_VERSION = 1;
				DEVELOPMENT_TEAM = WV4ELQGDQE;
				GENERATE_INFOPLIST_FILE = YES;
				INFOPLIST_FILE = NotificationExtension/Info.plist;
				INFOPLIST_KEY_CFBundleDisplayName = NotificationExtension;
				INFOPLIST_KEY_NSHumanReadableCopyright = "";
				IPHONEOS_DEPLOYMENT_TARGET = 12.0;
				LD_RUNPATH_SEARCH_PATHS = "$(inherited)";
				MARKETING_VERSION = 1.2.0;
				OTHER_LDFLAGS = "$(inherited)";
				PRODUCT_BUNDLE_IDENTIFIER = "com.baturamobile.jokin-poketest.NotificationExtension";
				PRODUCT_NAME = "$(TARGET_NAME)";
				PROVISIONING_PROFILE_SPECIFIER = "Jokin Poketest NotificationExtension-Debug";
				SKIP_INSTALL = YES;
				SWIFT_EMIT_LOC_STRINGS = YES;
				SWIFT_VERSION = 5.0;
				TARGETED_DEVICE_FAMILY = "1,2";
			};
			name = Debug;
		};
		FD676B4327269A7200318834 /* Release */ = {
			isa = XCBuildConfiguration;
			baseConfigurationReference = 62E7829E89C8FDE38FCF7DDB /* Pods-NotificationExtension.release.xcconfig */;
			buildSettings = {
				CLANG_CXX_LANGUAGE_STANDARD = "gnu++17";
				CODE_SIGN_ENTITLEMENTS = NotificationExtension/NotificationExtension.entitlements;
				CODE_SIGN_IDENTITY = "iPhone Distribution";
				CODE_SIGN_STYLE = Manual;
				CURRENT_PROJECT_VERSION = 1;
				DEVELOPMENT_TEAM = WV4ELQGDQE;
				GENERATE_INFOPLIST_FILE = YES;
				INFOPLIST_FILE = NotificationExtension/Info.plist;
				INFOPLIST_KEY_CFBundleDisplayName = NotificationExtension;
				INFOPLIST_KEY_NSHumanReadableCopyright = "";
				IPHONEOS_DEPLOYMENT_TARGET = 12.0;
				LD_RUNPATH_SEARCH_PATHS = "$(inherited)";
				MARKETING_VERSION = 1.2.0;
				OTHER_LDFLAGS = "$(inherited)";
				PRODUCT_BUNDLE_IDENTIFIER = "com.baturamobile.jokin-poketest.NotificationExtension";
				PRODUCT_NAME = "$(TARGET_NAME)";
				PROVISIONING_PROFILE_SPECIFIER = "Jokin Poketest NotificationExtension-Release";
				SKIP_INSTALL = YES;
				SWIFT_EMIT_LOC_STRINGS = YES;
				SWIFT_VERSION = 5.0;
				TARGETED_DEVICE_FAMILY = "1,2";
			};
			name = Release;
		};
/* End XCBuildConfiguration section */

/* Begin XCConfigurationList section */
		FD3172C72695CF90006810CA /* Build configuration list for PBXProject "Poke-test" */ = {
			isa = XCConfigurationList;
			buildConfigurations = (
				FD3172DE2695CF91006810CA /* Debug */,
				FD3172DF2695CF91006810CA /* Release */,
			);
			defaultConfigurationIsVisible = 0;
			defaultConfigurationName = Release;
		};
		FD3172E02695CF91006810CA /* Build configuration list for PBXNativeTarget "Poke-test" */ = {
			isa = XCConfigurationList;
			buildConfigurations = (
				FD3172E12695CF91006810CA /* Debug */,
				FD3172E22695CF91006810CA /* Release */,
			);
			defaultConfigurationIsVisible = 0;
			defaultConfigurationName = Release;
		};
		FD676B4427269A7200318834 /* Build configuration list for PBXNativeTarget "NotificationExtension" */ = {
			isa = XCConfigurationList;
			buildConfigurations = (
				FD676B4227269A7200318834 /* Debug */,
				FD676B4327269A7200318834 /* Release */,
			);
			defaultConfigurationIsVisible = 0;
			defaultConfigurationName = Release;
		};
/* End XCConfigurationList section */
	};
	rootObject = FD3172C42695CF90006810CA /* Project object */;
}
