// !$*UTF8*$!
{
	archiveVersion = 1;
	classes = {
	};
	objectVersion = 51;
	objects = {

/* Begin PBXBuildFile section */
		52E96436D3664A73002DBC5D /* Pods_Poke_test.framework in Frameworks */ = {isa = PBXBuildFile; fileRef = DA37C33EACA622F7C18E2B13 /* Pods_Poke_test.framework */; };
		FD3172D02695CF90006810CA /* AppDelegate.swift in Sources */ = {isa = PBXBuildFile; fileRef = FD3172CF2695CF90006810CA /* AppDelegate.swift */; };
		FD3172D22695CF90006810CA /* SceneDelegate.swift in Sources */ = {isa = PBXBuildFile; fileRef = FD3172D12695CF90006810CA /* SceneDelegate.swift */; };
		FD3172D42695CF90006810CA /* WelcomeViewController.swift in Sources */ = {isa = PBXBuildFile; fileRef = FD3172D32695CF90006810CA /* WelcomeViewController.swift */; };
		FD3172D72695CF90006810CA /* Main.storyboard in Resources */ = {isa = PBXBuildFile; fileRef = FD3172D52695CF90006810CA /* Main.storyboard */; };
		FD3172D92695CF91006810CA /* Assets.xcassets in Resources */ = {isa = PBXBuildFile; fileRef = FD3172D82695CF91006810CA /* Assets.xcassets */; };
		FD3172DC2695CF91006810CA /* LaunchScreen.storyboard in Resources */ = {isa = PBXBuildFile; fileRef = FD3172DA2695CF91006810CA /* LaunchScreen.storyboard */; };
		FD61B42326B4046800EDBF8C /* PokemonTypeList.swift in Sources */ = {isa = PBXBuildFile; fileRef = FD61B42226B4046800EDBF8C /* PokemonTypeList.swift */; };
		FD85C3992696D89E00EAF99F /* DetailViewController.swift in Sources */ = {isa = PBXBuildFile; fileRef = FD85C3982696D89E00EAF99F /* DetailViewController.swift */; };
		FD85C3A82696EAFC00EAF99F /* Data.swift in Sources */ = {isa = PBXBuildFile; fileRef = FD85C3A72696EAFC00EAF99F /* Data.swift */; };
		FD85C3AC2696EB1E00EAF99F /* DataManager.swift in Sources */ = {isa = PBXBuildFile; fileRef = FD85C3AB2696EB1E00EAF99F /* DataManager.swift */; };
		FDF25E8426B17600002474BB /* PokemonCell.swift in Sources */ = {isa = PBXBuildFile; fileRef = FDF25E8226B17600002474BB /* PokemonCell.swift */; };
		FDF25E8526B17600002474BB /* PokemonCell.xib in Resources */ = {isa = PBXBuildFile; fileRef = FDF25E8326B17600002474BB /* PokemonCell.xib */; };
/* End PBXBuildFile section */

/* Begin PBXFileReference section */
		59AADBB90D195305A7F8BEFE /* Pods-Poke-test.debug.xcconfig */ = {isa = PBXFileReference; includeInIndex = 1; lastKnownFileType = text.xcconfig; name = "Pods-Poke-test.debug.xcconfig"; path = "Target Support Files/Pods-Poke-test/Pods-Poke-test.debug.xcconfig"; sourceTree = "<group>"; };
		CCE5A1BEE58EA2B21595147E /* Pods-Poke-test.release.xcconfig */ = {isa = PBXFileReference; includeInIndex = 1; lastKnownFileType = text.xcconfig; name = "Pods-Poke-test.release.xcconfig"; path = "Target Support Files/Pods-Poke-test/Pods-Poke-test.release.xcconfig"; sourceTree = "<group>"; };
		DA37C33EACA622F7C18E2B13 /* Pods_Poke_test.framework */ = {isa = PBXFileReference; explicitFileType = wrapper.framework; includeInIndex = 0; path = Pods_Poke_test.framework; sourceTree = BUILT_PRODUCTS_DIR; };
		FD3172CC2695CF90006810CA /* Poke-test.app */ = {isa = PBXFileReference; explicitFileType = wrapper.application; includeInIndex = 0; path = "Poke-test.app"; sourceTree = BUILT_PRODUCTS_DIR; };
		FD3172CF2695CF90006810CA /* AppDelegate.swift */ = {isa = PBXFileReference; lastKnownFileType = sourcecode.swift; path = AppDelegate.swift; sourceTree = "<group>"; };
		FD3172D12695CF90006810CA /* SceneDelegate.swift */ = {isa = PBXFileReference; lastKnownFileType = sourcecode.swift; path = SceneDelegate.swift; sourceTree = "<group>"; };
		FD3172D32695CF90006810CA /* WelcomeViewController.swift */ = {isa = PBXFileReference; lastKnownFileType = sourcecode.swift; path = WelcomeViewController.swift; sourceTree = "<group>"; };
		FD3172D62695CF90006810CA /* Base */ = {isa = PBXFileReference; lastKnownFileType = file.storyboard; name = Base; path = Base.lproj/Main.storyboard; sourceTree = "<group>"; };
		FD3172D82695CF91006810CA /* Assets.xcassets */ = {isa = PBXFileReference; lastKnownFileType = folder.assetcatalog; path = Assets.xcassets; sourceTree = "<group>"; };
		FD3172DB2695CF91006810CA /* Base */ = {isa = PBXFileReference; lastKnownFileType = file.storyboard; name = Base; path = Base.lproj/LaunchScreen.storyboard; sourceTree = "<group>"; };
		FD61B42226B4046800EDBF8C /* PokemonTypeList.swift */ = {isa = PBXFileReference; lastKnownFileType = sourcecode.swift; path = PokemonTypeList.swift; sourceTree = "<group>"; };
		FD85C3982696D89E00EAF99F /* DetailViewController.swift */ = {isa = PBXFileReference; lastKnownFileType = sourcecode.swift; path = DetailViewController.swift; sourceTree = "<group>"; };
		FD85C3A72696EAFC00EAF99F /* Data.swift */ = {isa = PBXFileReference; lastKnownFileType = sourcecode.swift; path = Data.swift; sourceTree = "<group>"; };
		FD85C3AB2696EB1E00EAF99F /* DataManager.swift */ = {isa = PBXFileReference; lastKnownFileType = sourcecode.swift; path = DataManager.swift; sourceTree = "<group>"; };
		FDF25E8126B1724F002474BB /* Info.plist */ = {isa = PBXFileReference; lastKnownFileType = text.plist.xml; path = Info.plist; sourceTree = "<group>"; };
		FDF25E8226B17600002474BB /* PokemonCell.swift */ = {isa = PBXFileReference; lastKnownFileType = sourcecode.swift; path = PokemonCell.swift; sourceTree = "<group>"; };
		FDF25E8326B17600002474BB /* PokemonCell.xib */ = {isa = PBXFileReference; lastKnownFileType = file.xib; path = PokemonCell.xib; sourceTree = "<group>"; };
/* End PBXFileReference section */

/* Begin PBXFrameworksBuildPhase section */
		FD3172C92695CF90006810CA /* Frameworks */ = {
			isa = PBXFrameworksBuildPhase;
			buildActionMask = 2147483647;
			files = (
				52E96436D3664A73002DBC5D /* Pods_Poke_test.framework in Frameworks */,
			);
			runOnlyForDeploymentPostprocessing = 0;
		};
/* End PBXFrameworksBuildPhase section */

/* Begin PBXGroup section */
		23D5F057476480FAA267E25D /* Frameworks */ = {
			isa = PBXGroup;
			children = (
				DA37C33EACA622F7C18E2B13 /* Pods_Poke_test.framework */,
			);
			name = Frameworks;
			sourceTree = "<group>";
		};
		5EC64DBEAFD90D2980EB309C /* Pods */ = {
			isa = PBXGroup;
			children = (
				59AADBB90D195305A7F8BEFE /* Pods-Poke-test.debug.xcconfig */,
				CCE5A1BEE58EA2B21595147E /* Pods-Poke-test.release.xcconfig */,
			);
			path = Pods;
			sourceTree = "<group>";
		};
		FD3172C32695CF90006810CA = {
			isa = PBXGroup;
			children = (
				FD3172CE2695CF90006810CA /* Poke-test */,
				FD3172CD2695CF90006810CA /* Products */,
				5EC64DBEAFD90D2980EB309C /* Pods */,
				23D5F057476480FAA267E25D /* Frameworks */,
			);
			sourceTree = "<group>";
		};
		FD3172CD2695CF90006810CA /* Products */ = {
			isa = PBXGroup;
			children = (
				FD3172CC2695CF90006810CA /* Poke-test.app */,
			);
			name = Products;
			sourceTree = "<group>";
		};
		FD3172CE2695CF90006810CA /* Poke-test */ = {
			isa = PBXGroup;
			children = (
				FD3172CF2695CF90006810CA /* AppDelegate.swift */,
				FD3172D12695CF90006810CA /* SceneDelegate.swift */,
				FD85C3972696D79700EAF99F /* Controllers */,
				FD85C3962696D78600EAF99F /* Views */,
				FD3172D82695CF91006810CA /* Assets.xcassets */,
				FD3172DA2695CF91006810CA /* LaunchScreen.storyboard */,
				FDF25E8126B1724F002474BB /* Info.plist */,
				FD85C3A62696E08F00EAF99F /* Models */,
				FD61B42226B4046800EDBF8C /* PokemonTypeList.swift */,
			);
			path = "Poke-test";
			sourceTree = "<group>";
		};
		FD85C3962696D78600EAF99F /* Views */ = {
			isa = PBXGroup;
			children = (
				FD3172D52695CF90006810CA /* Main.storyboard */,
				FDF25E8226B17600002474BB /* PokemonCell.swift */,
				FDF25E8326B17600002474BB /* PokemonCell.xib */,
			);
			path = Views;
			sourceTree = "<group>";
		};
		FD85C3972696D79700EAF99F /* Controllers */ = {
			isa = PBXGroup;
			children = (
				FD3172D32695CF90006810CA /* WelcomeViewController.swift */,
				FD85C3982696D89E00EAF99F /* DetailViewController.swift */,
			);
			path = Controllers;
			sourceTree = "<group>";
		};
		FD85C3A62696E08F00EAF99F /* Models */ = {
			isa = PBXGroup;
			children = (
				FD85C3A72696EAFC00EAF99F /* Data.swift */,
				FD85C3AB2696EB1E00EAF99F /* DataManager.swift */,
			);
			path = Models;
			sourceTree = "<group>";
		};
/* End PBXGroup section */

/* Begin PBXNativeTarget section */
		FD3172CB2695CF90006810CA /* Poke-test */ = {
			isa = PBXNativeTarget;
			buildConfigurationList = FD3172E02695CF91006810CA /* Build configuration list for PBXNativeTarget "Poke-test" */;
			buildPhases = (
				01731E13A2891A82F5FF5091 /* [CP] Check Pods Manifest.lock */,
				FD3172C82695CF90006810CA /* Sources */,
				FD3172C92695CF90006810CA /* Frameworks */,
				FD3172CA2695CF90006810CA /* Resources */,
				4147056D35AD7DD0195E0610 /* [CP] Embed Pods Frameworks */,
			);
			buildRules = (
			);
			dependencies = (
			);
			name = "Poke-test";
			productName = "Poke-test";
			productReference = FD3172CC2695CF90006810CA /* Poke-test.app */;
			productType = "com.apple.product-type.application";
		};
/* End PBXNativeTarget section */

/* Begin PBXProject section */
		FD3172C42695CF90006810CA /* Project object */ = {
			isa = PBXProject;
			attributes = {
				LastSwiftUpdateCheck = 1250;
				LastUpgradeCheck = 1250;
				TargetAttributes = {
					FD3172CB2695CF90006810CA = {
						CreatedOnToolsVersion = 12.5.1;
					};
				};
			};
			buildConfigurationList = FD3172C72695CF90006810CA /* Build configuration list for PBXProject "Poke-test" */;
			compatibilityVersion = "Xcode 9.3";
			developmentRegion = en;
			hasScannedForEncodings = 0;
			knownRegions = (
				en,
				Base,
			);
			mainGroup = FD3172C32695CF90006810CA;
			productRefGroup = FD3172CD2695CF90006810CA /* Products */;
			projectDirPath = "";
			projectRoot = "";
			targets = (
				FD3172CB2695CF90006810CA /* Poke-test */,
			);
		};
/* End PBXProject section */

/* Begin PBXResourcesBuildPhase section */
		FD3172CA2695CF90006810CA /* Resources */ = {
			isa = PBXResourcesBuildPhase;
			buildActionMask = 2147483647;
			files = (
				FD3172DC2695CF91006810CA /* LaunchScreen.storyboard in Resources */,
				FDF25E8526B17600002474BB /* PokemonCell.xib in Resources */,
				FD3172D92695CF91006810CA /* Assets.xcassets in Resources */,
				FD3172D72695CF90006810CA /* Main.storyboard in Resources */,
			);
			runOnlyForDeploymentPostprocessing = 0;
		};
/* End PBXResourcesBuildPhase section */

/* Begin PBXShellScriptBuildPhase section */
		01731E13A2891A82F5FF5091 /* [CP] Check Pods Manifest.lock */ = {
			isa = PBXShellScriptBuildPhase;
			buildActionMask = 2147483647;
			files = (
			);
			inputFileListPaths = (
			);
			inputPaths = (
				"${PODS_PODFILE_DIR_PATH}/Podfile.lock",
				"${PODS_ROOT}/Manifest.lock",
			);
			name = "[CP] Check Pods Manifest.lock";
			outputFileListPaths = (
			);
			outputPaths = (
				"$(DERIVED_FILE_DIR)/Pods-Poke-test-checkManifestLockResult.txt",
			);
			runOnlyForDeploymentPostprocessing = 0;
			shellPath = /bin/sh;
			shellScript = "diff \"${PODS_PODFILE_DIR_PATH}/Podfile.lock\" \"${PODS_ROOT}/Manifest.lock\" > /dev/null\nif [ $? != 0 ] ; then\n    # print error to STDERR\n    echo \"error: The sandbox is not in sync with the Podfile.lock. Run 'pod install' or update your CocoaPods installation.\" >&2\n    exit 1\nfi\n# This output is used by Xcode 'outputs' to avoid re-running this script phase.\necho \"SUCCESS\" > \"${SCRIPT_OUTPUT_FILE_0}\"\n";
			showEnvVarsInLog = 0;
		};
		4147056D35AD7DD0195E0610 /* [CP] Embed Pods Frameworks */ = {
			isa = PBXShellScriptBuildPhase;
			buildActionMask = 2147483647;
			files = (
			);
			inputFileListPaths = (
				"${PODS_ROOT}/Target Support Files/Pods-Poke-test/Pods-Poke-test-frameworks-${CONFIGURATION}-input-files.xcfilelist",
			);
			name = "[CP] Embed Pods Frameworks";
			outputFileListPaths = (
				"${PODS_ROOT}/Target Support Files/Pods-Poke-test/Pods-Poke-test-frameworks-${CONFIGURATION}-output-files.xcfilelist",
			);
			runOnlyForDeploymentPostprocessing = 0;
			shellPath = /bin/sh;
			shellScript = "\"${PODS_ROOT}/Target Support Files/Pods-Poke-test/Pods-Poke-test-frameworks.sh\"\n";
			showEnvVarsInLog = 0;
		};
/* End PBXShellScriptBuildPhase section */

/* Begin PBXSourcesBuildPhase section */
		FD3172C82695CF90006810CA /* Sources */ = {
			isa = PBXSourcesBuildPhase;
			buildActionMask = 2147483647;
			files = (
				FD3172D42695CF90006810CA /* WelcomeViewController.swift in Sources */,
				FD85C3AC2696EB1E00EAF99F /* DataManager.swift in Sources */,
				FD3172D02695CF90006810CA /* AppDelegate.swift in Sources */,
				FD3172D22695CF90006810CA /* SceneDelegate.swift in Sources */,
				FD85C3992696D89E00EAF99F /* DetailViewController.swift in Sources */,
				FD85C3A82696EAFC00EAF99F /* Data.swift in Sources */,
				FDF25E8426B17600002474BB /* PokemonCell.swift in Sources */,
				FD61B42326B4046800EDBF8C /* PokemonTypeList.swift in Sources */,
			);
			runOnlyForDeploymentPostprocessing = 0;
		};
/* End PBXSourcesBuildPhase section */

/* Begin PBXVariantGroup section */
		FD3172D52695CF90006810CA /* Main.storyboard */ = {
			isa = PBXVariantGroup;
			children = (
				FD3172D62695CF90006810CA /* Base */,
			);
			name = Main.storyboard;
			sourceTree = "<group>";
		};
		FD3172DA2695CF91006810CA /* LaunchScreen.storyboard */ = {
			isa = PBXVariantGroup;
			children = (
				FD3172DB2695CF91006810CA /* Base */,
			);
			name = LaunchScreen.storyboard;
			sourceTree = "<group>";
		};
/* End PBXVariantGroup section */

/* Begin XCBuildConfiguration section */
		FD3172DE2695CF91006810CA /* Debug */ = {
			isa = XCBuildConfiguration;
			buildSettings = {
				ALWAYS_SEARCH_USER_PATHS = NO;
				CLANG_ANALYZER_NONNULL = YES;
				CLANG_ANALYZER_NUMBER_OBJECT_CONVERSION = YES_AGGRESSIVE;
				CLANG_CXX_LANGUAGE_STANDARD = "gnu++14";
				CLANG_CXX_LIBRARY = "libc++";
				CLANG_ENABLE_MODULES = YES;
				CLANG_ENABLE_OBJC_ARC = YES;
				CLANG_ENABLE_OBJC_WEAK = YES;
				CLANG_WARN_BLOCK_CAPTURE_AUTORELEASING = YES;
				CLANG_WARN_BOOL_CONVERSION = YES;
				CLANG_WARN_COMMA = YES;
				CLANG_WARN_CONSTANT_CONVERSION = YES;
				CLANG_WARN_DEPRECATED_OBJC_IMPLEMENTATIONS = YES;
				CLANG_WARN_DIRECT_OBJC_ISA_USAGE = YES_ERROR;
				CLANG_WARN_DOCUMENTATION_COMMENTS = YES;
				CLANG_WARN_EMPTY_BODY = YES;
				CLANG_WARN_ENUM_CONVERSION = YES;
				CLANG_WARN_INFINITE_RECURSION = YES;
				CLANG_WARN_INT_CONVERSION = YES;
				CLANG_WARN_NON_LITERAL_NULL_CONVERSION = YES;
				CLANG_WARN_OBJC_IMPLICIT_RETAIN_SELF = YES;
				CLANG_WARN_OBJC_LITERAL_CONVERSION = YES;
				CLANG_WARN_OBJC_ROOT_CLASS = YES_ERROR;
				CLANG_WARN_QUOTED_INCLUDE_IN_FRAMEWORK_HEADER = YES;
				CLANG_WARN_RANGE_LOOP_ANALYSIS = YES;
				CLANG_WARN_STRICT_PROTOTYPES = YES;
				CLANG_WARN_SUSPICIOUS_MOVE = YES;
				CLANG_WARN_UNGUARDED_AVAILABILITY = YES_AGGRESSIVE;
				CLANG_WARN_UNREACHABLE_CODE = YES;
				CLANG_WARN__DUPLICATE_METHOD_MATCH = YES;
				COPY_PHASE_STRIP = NO;
				DEBUG_INFORMATION_FORMAT = dwarf;
				ENABLE_STRICT_OBJC_MSGSEND = YES;
				ENABLE_TESTABILITY = YES;
				GCC_C_LANGUAGE_STANDARD = gnu11;
				GCC_DYNAMIC_NO_PIC = NO;
				GCC_NO_COMMON_BLOCKS = YES;
				GCC_OPTIMIZATION_LEVEL = 0;
				GCC_PREPROCESSOR_DEFINITIONS = (
					"DEBUG=1",
					"$(inherited)",
				);
				GCC_WARN_64_TO_32_BIT_CONVERSION = YES;
				GCC_WARN_ABOUT_RETURN_TYPE = YES_ERROR;
				GCC_WARN_UNDECLARED_SELECTOR = YES;
				GCC_WARN_UNINITIALIZED_AUTOS = YES_AGGRESSIVE;
				GCC_WARN_UNUSED_FUNCTION = YES;
				GCC_WARN_UNUSED_VARIABLE = YES;
				IPHONEOS_DEPLOYMENT_TARGET = 14.5;
				MTL_ENABLE_DEBUG_INFO = INCLUDE_SOURCE;
				MTL_FAST_MATH = YES;
				ONLY_ACTIVE_ARCH = YES;
				SDKROOT = iphoneos;
				SWIFT_ACTIVE_COMPILATION_CONDITIONS = DEBUG;
				SWIFT_OPTIMIZATION_LEVEL = "-Onone";
			};
			name = Debug;
		};
		FD3172DF2695CF91006810CA /* Release */ = {
			isa = XCBuildConfiguration;
			buildSettings = {
				ALWAYS_SEARCH_USER_PATHS = NO;
				CLANG_ANALYZER_NONNULL = YES;
				CLANG_ANALYZER_NUMBER_OBJECT_CONVERSION = YES_AGGRESSIVE;
				CLANG_CXX_LANGUAGE_STANDARD = "gnu++14";
				CLANG_CXX_LIBRARY = "libc++";
				CLANG_ENABLE_MODULES = YES;
				CLANG_ENABLE_OBJC_ARC = YES;
				CLANG_ENABLE_OBJC_WEAK = YES;
				CLANG_WARN_BLOCK_CAPTURE_AUTORELEASING = YES;
				CLANG_WARN_BOOL_CONVERSION = YES;
				CLANG_WARN_COMMA = YES;
				CLANG_WARN_CONSTANT_CONVERSION = YES;
				CLANG_WARN_DEPRECATED_OBJC_IMPLEMENTATIONS = YES;
				CLANG_WARN_DIRECT_OBJC_ISA_USAGE = YES_ERROR;
				CLANG_WARN_DOCUMENTATION_COMMENTS = YES;
				CLANG_WARN_EMPTY_BODY = YES;
				CLANG_WARN_ENUM_CONVERSION = YES;
				CLANG_WARN_INFINITE_RECURSION = YES;
				CLANG_WARN_INT_CONVERSION = YES;
				CLANG_WARN_NON_LITERAL_NULL_CONVERSION = YES;
				CLANG_WARN_OBJC_IMPLICIT_RETAIN_SELF = YES;
				CLANG_WARN_OBJC_LITERAL_CONVERSION = YES;
				CLANG_WARN_OBJC_ROOT_CLASS = YES_ERROR;
				CLANG_WARN_QUOTED_INCLUDE_IN_FRAMEWORK_HEADER = YES;
				CLANG_WARN_RANGE_LOOP_ANALYSIS = YES;
				CLANG_WARN_STRICT_PROTOTYPES = YES;
				CLANG_WARN_SUSPICIOUS_MOVE = YES;
				CLANG_WARN_UNGUARDED_AVAILABILITY = YES_AGGRESSIVE;
				CLANG_WARN_UNREACHABLE_CODE = YES;
				CLANG_WARN__DUPLICATE_METHOD_MATCH = YES;
				COPY_PHASE_STRIP = NO;
				DEBUG_INFORMATION_FORMAT = "dwarf-with-dsym";
				ENABLE_NS_ASSERTIONS = NO;
				ENABLE_STRICT_OBJC_MSGSEND = YES;
				GCC_C_LANGUAGE_STANDARD = gnu11;
				GCC_NO_COMMON_BLOCKS = YES;
				GCC_WARN_64_TO_32_BIT_CONVERSION = YES;
				GCC_WARN_ABOUT_RETURN_TYPE = YES_ERROR;
				GCC_WARN_UNDECLARED_SELECTOR = YES;
				GCC_WARN_UNINITIALIZED_AUTOS = YES_AGGRESSIVE;
				GCC_WARN_UNUSED_FUNCTION = YES;
				GCC_WARN_UNUSED_VARIABLE = YES;
				IPHONEOS_DEPLOYMENT_TARGET = 14.5;
				MTL_ENABLE_DEBUG_INFO = NO;
				MTL_FAST_MATH = YES;
				SDKROOT = iphoneos;
				SWIFT_COMPILATION_MODE = wholemodule;
				SWIFT_OPTIMIZATION_LEVEL = "-O";
				VALIDATE_PRODUCT = YES;
			};
			name = Release;
		};
		FD3172E12695CF91006810CA /* Debug */ = {
			isa = XCBuildConfiguration;
			baseConfigurationReference = 59AADBB90D195305A7F8BEFE /* Pods-Poke-test.debug.xcconfig */;
			buildSettings = {
				ASSETCATALOG_COMPILER_APPICON_NAME = AppIcon;
				ASSETCATALOG_COMPILER_GLOBAL_ACCENT_COLOR_NAME = AccentColor;
				CODE_SIGN_STYLE = Automatic;
				DEVELOPMENT_TEAM = WV4ELQGDQE;
				INFOPLIST_FILE = "Poke-test/Info.plist";
				LD_RUNPATH_SEARCH_PATHS = (
					"$(inherited)",
					"@executable_path/Frameworks",
				);
				MARKETING_VERSION = 1.1.1;
				PRODUCT_BUNDLE_IDENTIFIER = "jEgia-baturamobile.com.Poke-test";
				PRODUCT_NAME = "$(TARGET_NAME)";
				SWIFT_VERSION = 5.0;
				TARGETED_DEVICE_FAMILY = "1,2";
			};
			name = Debug;
		};
		FD3172E22695CF91006810CA /* Release */ = {
			isa = XCBuildConfiguration;
			baseConfigurationReference = CCE5A1BEE58EA2B21595147E /* Pods-Poke-test.release.xcconfig */;
			buildSettings = {
				ASSETCATALOG_COMPILER_APPICON_NAME = AppIcon;
				ASSETCATALOG_COMPILER_GLOBAL_ACCENT_COLOR_NAME = AccentColor;
				CODE_SIGN_STYLE = Automatic;
				DEVELOPMENT_TEAM = WV4ELQGDQE;
				INFOPLIST_FILE = "Poke-test/Info.plist";
				LD_RUNPATH_SEARCH_PATHS = (
					"$(inherited)",
					"@executable_path/Frameworks",
				);
				MARKETING_VERSION = 1.1.1;
				PRODUCT_BUNDLE_IDENTIFIER = "jEgia-baturamobile.com.Poke-test";
				PRODUCT_NAME = "$(TARGET_NAME)";
				SWIFT_VERSION = 5.0;
				TARGETED_DEVICE_FAMILY = "1,2";
			};
			name = Release;
		};
/* End XCBuildConfiguration section */

/* Begin XCConfigurationList section */
		FD3172C72695CF90006810CA /* Build configuration list for PBXProject "Poke-test" */ = {
			isa = XCConfigurationList;
			buildConfigurations = (
				FD3172DE2695CF91006810CA /* Debug */,
				FD3172DF2695CF91006810CA /* Release */,
			);
			defaultConfigurationIsVisible = 0;
			defaultConfigurationName = Release;
		};
		FD3172E02695CF91006810CA /* Build configuration list for PBXNativeTarget "Poke-test" */ = {
			isa = XCConfigurationList;
			buildConfigurations = (
				FD3172E12695CF91006810CA /* Debug */,
				FD3172E22695CF91006810CA /* Release */,
			);
			defaultConfigurationIsVisible = 0;
			defaultConfigurationName = Release;
		};
/* End XCConfigurationList section */
	};
	rootObject = FD3172C42695CF90006810CA /* Project object */;
}
