// !$*UTF8*$!
{
	archiveVersion = 1;
	classes = {
	};
	objectVersion = 52;
	objects = {

/* Begin PBXBuildFile section */
		52E96436D3664A73002DBC5D /* Pods_Poke_test.framework in Frameworks */ = {isa = PBXBuildFile; fileRef = DA37C33EACA622F7C18E2B13 /* Pods_Poke_test.framework */; };
		FD3172D02695CF90006810CA /* AppDelegate.swift in Sources */ = {isa = PBXBuildFile; fileRef = FD3172CF2695CF90006810CA /* AppDelegate.swift */; };
		FD61B42326B4046800EDBF8C /* PokemonTypeList.swift in Sources */ = {isa = PBXBuildFile; fileRef = FD61B42226B4046800EDBF8C /* PokemonTypeList.swift */; };
		FD7D316E27198B110031AB92 /* Launch Screen.storyboard in Resources */ = {isa = PBXBuildFile; fileRef = FD7D316D27198B100031AB92 /* Launch Screen.storyboard */; };
		FD85C3A82696EAFC00EAF99F /* Data.swift in Sources */ = {isa = PBXBuildFile; fileRef = FD85C3A72696EAFC00EAF99F /* Data.swift */; };
		FD85C3AC2696EB1E00EAF99F /* DataManager.swift in Sources */ = {isa = PBXBuildFile; fileRef = FD85C3AB2696EB1E00EAF99F /* DataManager.swift */; };
		FD86C1522701A33C00DB4B8F /* Assets.xcassets in Resources */ = {isa = PBXBuildFile; fileRef = FD86C1512701A33C00DB4B8F /* Assets.xcassets */; };
		FD88DF3F26DE076E0094858B /* DDBBManager.swift in Sources */ = {isa = PBXBuildFile; fileRef = FD88DF3E26DE076E0094858B /* DDBBManager.swift */; };
		FD9B9A8426D627BC000322D3 /* Realm in Frameworks */ = {isa = PBXBuildFile; productRef = FD9B9A8326D627BC000322D3 /* Realm */; };
		FD9B9A8626D627BC000322D3 /* RealmSwift in Frameworks */ = {isa = PBXBuildFile; productRef = FD9B9A8526D627BC000322D3 /* RealmSwift */; };
		FDA34EEE26E8952900AE2143 /* PokemonListPresenter.swift in Sources */ = {isa = PBXBuildFile; fileRef = FDA34EE826E8952900AE2143 /* PokemonListPresenter.swift */; };
		FDA34EEF26E8952900AE2143 /* PokemonListViewController.swift in Sources */ = {isa = PBXBuildFile; fileRef = FDA34EE926E8952900AE2143 /* PokemonListViewController.swift */; };
		FDA34EF026E8952900AE2143 /* PokemonListProtocols.swift in Sources */ = {isa = PBXBuildFile; fileRef = FDA34EEA26E8952900AE2143 /* PokemonListProtocols.swift */; };
		FDA34EF126E8952900AE2143 /* PokemonListInteractor.swift in Sources */ = {isa = PBXBuildFile; fileRef = FDA34EEB26E8952900AE2143 /* PokemonListInteractor.swift */; };
		FDA34EF226E8952900AE2143 /* PokemonListViewController.xib in Resources */ = {isa = PBXBuildFile; fileRef = FDA34EEC26E8952900AE2143 /* PokemonListViewController.xib */; };
		FDA34EF326E8952900AE2143 /* PokemonListWireframe.swift in Sources */ = {isa = PBXBuildFile; fileRef = FDA34EED26E8952900AE2143 /* PokemonListWireframe.swift */; };
		FDA34EFB26E8954D00AE2143 /* PokemonDetailsPresenter.swift in Sources */ = {isa = PBXBuildFile; fileRef = FDA34EF526E8954D00AE2143 /* PokemonDetailsPresenter.swift */; };
		FDA34EFC26E8954D00AE2143 /* PokemonDetailsViewController.swift in Sources */ = {isa = PBXBuildFile; fileRef = FDA34EF626E8954D00AE2143 /* PokemonDetailsViewController.swift */; };
		FDA34EFD26E8954D00AE2143 /* PokemonDetailsProtocols.swift in Sources */ = {isa = PBXBuildFile; fileRef = FDA34EF726E8954D00AE2143 /* PokemonDetailsProtocols.swift */; };
		FDA34EFE26E8954D00AE2143 /* PokemonDetailsInteractor.swift in Sources */ = {isa = PBXBuildFile; fileRef = FDA34EF826E8954D00AE2143 /* PokemonDetailsInteractor.swift */; };
		FDA34EFF26E8954D00AE2143 /* PokemonDetailsViewController.xib in Resources */ = {isa = PBXBuildFile; fileRef = FDA34EF926E8954D00AE2143 /* PokemonDetailsViewController.xib */; };
		FDA34F0026E8954D00AE2143 /* PokemonDetailsWireframe.swift in Sources */ = {isa = PBXBuildFile; fileRef = FDA34EFA26E8954D00AE2143 /* PokemonDetailsWireframe.swift */; };
		FDF25E8426B17600002474BB /* PokemonCell.swift in Sources */ = {isa = PBXBuildFile; fileRef = FDF25E8226B17600002474BB /* PokemonCell.swift */; };
		FDF25E8526B17600002474BB /* PokemonCell.xib in Resources */ = {isa = PBXBuildFile; fileRef = FDF25E8326B17600002474BB /* PokemonCell.xib */; };
/* End PBXBuildFile section */

/* Begin PBXFileReference section */
		59AADBB90D195305A7F8BEFE /* Pods-Poke-test.debug.xcconfig */ = {isa = PBXFileReference; includeInIndex = 1; lastKnownFileType = text.xcconfig; name = "Pods-Poke-test.debug.xcconfig"; path = "Target Support Files/Pods-Poke-test/Pods-Poke-test.debug.xcconfig"; sourceTree = "<group>"; };
		CCE5A1BEE58EA2B21595147E /* Pods-Poke-test.release.xcconfig */ = {isa = PBXFileReference; includeInIndex = 1; lastKnownFileType = text.xcconfig; name = "Pods-Poke-test.release.xcconfig"; path = "Target Support Files/Pods-Poke-test/Pods-Poke-test.release.xcconfig"; sourceTree = "<group>"; };
		DA37C33EACA622F7C18E2B13 /* Pods_Poke_test.framework */ = {isa = PBXFileReference; explicitFileType = wrapper.framework; includeInIndex = 0; path = Pods_Poke_test.framework; sourceTree = BUILT_PRODUCTS_DIR; };
		FD3172CC2695CF90006810CA /* Poke-test.app */ = {isa = PBXFileReference; explicitFileType = wrapper.application; includeInIndex = 0; path = "Poke-test.app"; sourceTree = BUILT_PRODUCTS_DIR; };
		FD3172CF2695CF90006810CA /* AppDelegate.swift */ = {isa = PBXFileReference; lastKnownFileType = sourcecode.swift; path = AppDelegate.swift; sourceTree = "<group>"; };
		FD61B42226B4046800EDBF8C /* PokemonTypeList.swift */ = {isa = PBXFileReference; lastKnownFileType = sourcecode.swift; path = PokemonTypeList.swift; sourceTree = "<group>"; };
		FD7D316D27198B100031AB92 /* Launch Screen.storyboard */ = {isa = PBXFileReference; lastKnownFileType = file.storyboard; path = "Launch Screen.storyboard"; sourceTree = "<group>"; };
		FD85C3A72696EAFC00EAF99F /* Data.swift */ = {isa = PBXFileReference; lastKnownFileType = sourcecode.swift; path = Data.swift; sourceTree = "<group>"; };
		FD85C3AB2696EB1E00EAF99F /* DataManager.swift */ = {isa = PBXFileReference; lastKnownFileType = sourcecode.swift; path = DataManager.swift; sourceTree = "<group>"; };
		FD86C1512701A33C00DB4B8F /* Assets.xcassets */ = {isa = PBXFileReference; lastKnownFileType = folder.assetcatalog; path = Assets.xcassets; sourceTree = "<group>"; };
		FD88DF3E26DE076E0094858B /* DDBBManager.swift */ = {isa = PBXFileReference; lastKnownFileType = sourcecode.swift; path = DDBBManager.swift; sourceTree = "<group>"; };
		FDA34EE826E8952900AE2143 /* PokemonListPresenter.swift */ = {isa = PBXFileReference; lastKnownFileType = sourcecode.swift; path = PokemonListPresenter.swift; sourceTree = "<group>"; };
		FDA34EE926E8952900AE2143 /* PokemonListViewController.swift */ = {isa = PBXFileReference; lastKnownFileType = sourcecode.swift; path = PokemonListViewController.swift; sourceTree = "<group>"; };
		FDA34EEA26E8952900AE2143 /* PokemonListProtocols.swift */ = {isa = PBXFileReference; lastKnownFileType = sourcecode.swift; path = PokemonListProtocols.swift; sourceTree = "<group>"; };
		FDA34EEB26E8952900AE2143 /* PokemonListInteractor.swift */ = {isa = PBXFileReference; lastKnownFileType = sourcecode.swift; path = PokemonListInteractor.swift; sourceTree = "<group>"; };
		FDA34EEC26E8952900AE2143 /* PokemonListViewController.xib */ = {isa = PBXFileReference; lastKnownFileType = file.xib; path = PokemonListViewController.xib; sourceTree = "<group>"; };
		FDA34EED26E8952900AE2143 /* PokemonListWireframe.swift */ = {isa = PBXFileReference; lastKnownFileType = sourcecode.swift; path = PokemonListWireframe.swift; sourceTree = "<group>"; };
		FDA34EF526E8954D00AE2143 /* PokemonDetailsPresenter.swift */ = {isa = PBXFileReference; lastKnownFileType = sourcecode.swift; path = PokemonDetailsPresenter.swift; sourceTree = "<group>"; };
		FDA34EF626E8954D00AE2143 /* PokemonDetailsViewController.swift */ = {isa = PBXFileReference; lastKnownFileType = sourcecode.swift; path = PokemonDetailsViewController.swift; sourceTree = "<group>"; };
		FDA34EF726E8954D00AE2143 /* PokemonDetailsProtocols.swift */ = {isa = PBXFileReference; lastKnownFileType = sourcecode.swift; path = PokemonDetailsProtocols.swift; sourceTree = "<group>"; };
		FDA34EF826E8954D00AE2143 /* PokemonDetailsInteractor.swift */ = {isa = PBXFileReference; lastKnownFileType = sourcecode.swift; path = PokemonDetailsInteractor.swift; sourceTree = "<group>"; };
		FDA34EF926E8954D00AE2143 /* PokemonDetailsViewController.xib */ = {isa = PBXFileReference; lastKnownFileType = file.xib; path = PokemonDetailsViewController.xib; sourceTree = "<group>"; };
		FDA34EFA26E8954D00AE2143 /* PokemonDetailsWireframe.swift */ = {isa = PBXFileReference; lastKnownFileType = sourcecode.swift; path = PokemonDetailsWireframe.swift; sourceTree = "<group>"; };
		FDF25E8126B1724F002474BB /* Info.plist */ = {isa = PBXFileReference; lastKnownFileType = text.plist.xml; path = Info.plist; sourceTree = "<group>"; };
		FDF25E8226B17600002474BB /* PokemonCell.swift */ = {isa = PBXFileReference; lastKnownFileType = sourcecode.swift; path = PokemonCell.swift; sourceTree = "<group>"; };
		FDF25E8326B17600002474BB /* PokemonCell.xib */ = {isa = PBXFileReference; lastKnownFileType = file.xib; path = PokemonCell.xib; sourceTree = "<group>"; };
/* End PBXFileReference section */

/* Begin PBXFrameworksBuildPhase section */
		FD3172C92695CF90006810CA /* Frameworks */ = {
			isa = PBXFrameworksBuildPhase;
			buildActionMask = 2147483647;
			files = (
				FD9B9A8626D627BC000322D3 /* RealmSwift in Frameworks */,
				FD9B9A8426D627BC000322D3 /* Realm in Frameworks */,
				52E96436D3664A73002DBC5D /* Pods_Poke_test.framework in Frameworks */,
			);
			runOnlyForDeploymentPostprocessing = 0;
		};
/* End PBXFrameworksBuildPhase section */

/* Begin PBXGroup section */
		23D5F057476480FAA267E25D /* Frameworks */ = {
			isa = PBXGroup;
			children = (
				DA37C33EACA622F7C18E2B13 /* Pods_Poke_test.framework */,
			);
			name = Frameworks;
			sourceTree = "<group>";
		};
		5EC64DBEAFD90D2980EB309C /* Pods */ = {
			isa = PBXGroup;
			children = (
				59AADBB90D195305A7F8BEFE /* Pods-Poke-test.debug.xcconfig */,
				CCE5A1BEE58EA2B21595147E /* Pods-Poke-test.release.xcconfig */,
			);
			path = Pods;
			sourceTree = "<group>";
		};
		FD3172C32695CF90006810CA = {
			isa = PBXGroup;
			children = (
				FD86C1512701A33C00DB4B8F /* Assets.xcassets */,
				FD3172CE2695CF90006810CA /* Poke-test */,
				23D5F057476480FAA267E25D /* Frameworks */,
				5EC64DBEAFD90D2980EB309C /* Pods */,
				FD3172CD2695CF90006810CA /* Products */,
			);
			sourceTree = "<group>";
		};
		FD3172CD2695CF90006810CA /* Products */ = {
			isa = PBXGroup;
			children = (
				FD3172CC2695CF90006810CA /* Poke-test.app */,
			);
			name = Products;
			sourceTree = "<group>";
		};
		FD3172CE2695CF90006810CA /* Poke-test */ = {
			isa = PBXGroup;
			children = (
				FD3172CF2695CF90006810CA /* AppDelegate.swift */,
				FDA34F0226E8957400AE2143 /* Managers */,
				FDA34F0426E8A2DF00AE2143 /* Models */,
				FDA34F0326E8A2BD00AE2143 /* PokemonList */,
				FDA34F0126E8955B00AE2143 /* PokemonDetails */,
				FDF25E8126B1724F002474BB /* Info.plist */,
				FD7D316D27198B100031AB92 /* Launch Screen.storyboard */,
			);
			path = "Poke-test";
			sourceTree = "<group>";
		};
		FD7FD3582716F275008E0448 /* Pokemon Cell */ = {
			isa = PBXGroup;
			children = (
				FDF25E8226B17600002474BB /* PokemonCell.swift */,
				FDF25E8326B17600002474BB /* PokemonCell.xib */,
			);
			path = "Pokemon Cell";
			sourceTree = "<group>";
		};
		FDA34F0126E8955B00AE2143 /* PokemonDetails */ = {
			isa = PBXGroup;
			children = (
				FDA34EF826E8954D00AE2143 /* PokemonDetailsInteractor.swift */,
				FDA34EF526E8954D00AE2143 /* PokemonDetailsPresenter.swift */,
				FDA34EF726E8954D00AE2143 /* PokemonDetailsProtocols.swift */,
				FDA34EF626E8954D00AE2143 /* PokemonDetailsViewController.swift */,
				FDA34EF926E8954D00AE2143 /* PokemonDetailsViewController.xib */,
				FDA34EFA26E8954D00AE2143 /* PokemonDetailsWireframe.swift */,
			);
			path = PokemonDetails;
			sourceTree = "<group>";
		};
		FDA34F0226E8957400AE2143 /* Managers */ = {
			isa = PBXGroup;
			children = (
				FD85C3AB2696EB1E00EAF99F /* DataManager.swift */,
				FD88DF3E26DE076E0094858B /* DDBBManager.swift */,
			);
			path = Managers;
			sourceTree = "<group>";
		};
		FDA34F0326E8A2BD00AE2143 /* PokemonList */ = {
			isa = PBXGroup;
			children = (
				FD7FD3582716F275008E0448 /* Pokemon Cell */,
				FDA34EEB26E8952900AE2143 /* PokemonListInteractor.swift */,
				FDA34EE826E8952900AE2143 /* PokemonListPresenter.swift */,
				FDA34EEA26E8952900AE2143 /* PokemonListProtocols.swift */,
				FDA34EE926E8952900AE2143 /* PokemonListViewController.swift */,
				FDA34EEC26E8952900AE2143 /* PokemonListViewController.xib */,
				FDA34EED26E8952900AE2143 /* PokemonListWireframe.swift */,
			);
			path = PokemonList;
			sourceTree = "<group>";
		};
		FDA34F0426E8A2DF00AE2143 /* Models */ = {
			isa = PBXGroup;
			children = (
				FD85C3A72696EAFC00EAF99F /* Data.swift */,
				FD61B42226B4046800EDBF8C /* PokemonTypeList.swift */,
			);
			path = Models;
			sourceTree = "<group>";
		};
/* End PBXGroup section */

/* Begin PBXNativeTarget section */
		FD3172CB2695CF90006810CA /* Poke-test */ = {
			isa = PBXNativeTarget;
			buildConfigurationList = FD3172E02695CF91006810CA /* Build configuration list for PBXNativeTarget "Poke-test" */;
			buildPhases = (
				01731E13A2891A82F5FF5091 /* [CP] Check Pods Manifest.lock */,
				FD3172C82695CF90006810CA /* Sources */,
				FD3172C92695CF90006810CA /* Frameworks */,
				FD3172CA2695CF90006810CA /* Resources */,
				4147056D35AD7DD0195E0610 /* [CP] Embed Pods Frameworks */,
			);
			buildRules = (
			);
			dependencies = (
			);
			name = "Poke-test";
			packageProductDependencies = (
				FD9B9A8326D627BC000322D3 /* Realm */,
				FD9B9A8526D627BC000322D3 /* RealmSwift */,
			);
			productName = "Poke-test";
			productReference = FD3172CC2695CF90006810CA /* Poke-test.app */;
			productType = "com.apple.product-type.application";
		};
/* End PBXNativeTarget section */

/* Begin PBXProject section */
		FD3172C42695CF90006810CA /* Project object */ = {
			isa = PBXProject;
			attributes = {
				LastSwiftUpdateCheck = 1300;
				LastUpgradeCheck = 1250;
				TargetAttributes = {
					FD3172CB2695CF90006810CA = {
						CreatedOnToolsVersion = 12.5.1;
					};
				};
			};
			buildConfigurationList = FD3172C72695CF90006810CA /* Build configuration list for PBXProject "Poke-test" */;
			compatibilityVersion = "Xcode 9.3";
			developmentRegion = en;
			hasScannedForEncodings = 0;
			knownRegions = (
				en,
				Base,
			);
			mainGroup = FD3172C32695CF90006810CA;
			packageReferences = (
				FD9B9A8226D627BC000322D3 /* XCRemoteSwiftPackageReference "realm-cocoa" */,
			);
			productRefGroup = FD3172CD2695CF90006810CA /* Products */;
			projectDirPath = "";
			projectRoot = "";
			targets = (
				FD3172CB2695CF90006810CA /* Poke-test */,
			);
		};
/* End PBXProject section */

/* Begin PBXResourcesBuildPhase section */
		FD3172CA2695CF90006810CA /* Resources */ = {
			isa = PBXResourcesBuildPhase;
			buildActionMask = 2147483647;
			files = (
				FDA34EFF26E8954D00AE2143 /* PokemonDetailsViewController.xib in Resources */,
				FD86C1522701A33C00DB4B8F /* Assets.xcassets in Resources */,
				FDF25E8526B17600002474BB /* PokemonCell.xib in Resources */,
				FD7D316E27198B110031AB92 /* Launch Screen.storyboard in Resources */,
				FDA34EF226E8952900AE2143 /* PokemonListViewController.xib in Resources */,
			);
			runOnlyForDeploymentPostprocessing = 0;
		};
/* End PBXResourcesBuildPhase section */

/* Begin PBXShellScriptBuildPhase section */
		01731E13A2891A82F5FF5091 /* [CP] Check Pods Manifest.lock */ = {
			isa = PBXShellScriptBuildPhase;
			buildActionMask = 2147483647;
			files = (
			);
			inputFileListPaths = (
			);
			inputPaths = (
				"${PODS_PODFILE_DIR_PATH}/Podfile.lock",
				"${PODS_ROOT}/Manifest.lock",
			);
			name = "[CP] Check Pods Manifest.lock";
			outputFileListPaths = (
			);
			outputPaths = (
				"$(DERIVED_FILE_DIR)/Pods-Poke-test-checkManifestLockResult.txt",
			);
			runOnlyForDeploymentPostprocessing = 0;
			shellPath = /bin/sh;
			shellScript = "diff \"${PODS_PODFILE_DIR_PATH}/Podfile.lock\" \"${PODS_ROOT}/Manifest.lock\" > /dev/null\nif [ $? != 0 ] ; then\n    # print error to STDERR\n    echo \"error: The sandbox is not in sync with the Podfile.lock. Run 'pod install' or update your CocoaPods installation.\" >&2\n    exit 1\nfi\n# This output is used by Xcode 'outputs' to avoid re-running this script phase.\necho \"SUCCESS\" > \"${SCRIPT_OUTPUT_FILE_0}\"\n";
			showEnvVarsInLog = 0;
		};
		4147056D35AD7DD0195E0610 /* [CP] Embed Pods Frameworks */ = {
			isa = PBXShellScriptBuildPhase;
			buildActionMask = 2147483647;
			files = (
			);
			inputFileListPaths = (
				"${PODS_ROOT}/Target Support Files/Pods-Poke-test/Pods-Poke-test-frameworks-${CONFIGURATION}-input-files.xcfilelist",
			);
			name = "[CP] Embed Pods Frameworks";
			outputFileListPaths = (
				"${PODS_ROOT}/Target Support Files/Pods-Poke-test/Pods-Poke-test-frameworks-${CONFIGURATION}-output-files.xcfilelist",
			);
			runOnlyForDeploymentPostprocessing = 0;
			shellPath = /bin/sh;
			shellScript = "\"${PODS_ROOT}/Target Support Files/Pods-Poke-test/Pods-Poke-test-frameworks.sh\"\n";
			showEnvVarsInLog = 0;
		};
/* End PBXShellScriptBuildPhase section */

/* Begin PBXSourcesBuildPhase section */
		FD3172C82695CF90006810CA /* Sources */ = {
			isa = PBXSourcesBuildPhase;
			buildActionMask = 2147483647;
			files = (
				FD85C3AC2696EB1E00EAF99F /* DataManager.swift in Sources */,
				FDA34EFB26E8954D00AE2143 /* PokemonDetailsPresenter.swift in Sources */,
				FDA34EEE26E8952900AE2143 /* PokemonListPresenter.swift in Sources */,
				FDA34EF026E8952900AE2143 /* PokemonListProtocols.swift in Sources */,
				FDA34EF126E8952900AE2143 /* PokemonListInteractor.swift in Sources */,
				FDA34EFC26E8954D00AE2143 /* PokemonDetailsViewController.swift in Sources */,
				FD3172D02695CF90006810CA /* AppDelegate.swift in Sources */,
				FD88DF3F26DE076E0094858B /* DDBBManager.swift in Sources */,
				FDA34F0026E8954D00AE2143 /* PokemonDetailsWireframe.swift in Sources */,
				FD85C3A82696EAFC00EAF99F /* Data.swift in Sources */,
				FDF25E8426B17600002474BB /* PokemonCell.swift in Sources */,
				FDA34EFD26E8954D00AE2143 /* PokemonDetailsProtocols.swift in Sources */,
				FD61B42326B4046800EDBF8C /* PokemonTypeList.swift in Sources */,
				FDA34EF326E8952900AE2143 /* PokemonListWireframe.swift in Sources */,
				FDA34EEF26E8952900AE2143 /* PokemonListViewController.swift in Sources */,
				FDA34EFE26E8954D00AE2143 /* PokemonDetailsInteractor.swift in Sources */,
			);
			runOnlyForDeploymentPostprocessing = 0;
		};
/* End PBXSourcesBuildPhase section */

/* Begin XCBuildConfiguration section */
		FD3172DE2695CF91006810CA /* Debug */ = {
			isa = XCBuildConfiguration;
			buildSettings = {
				ALWAYS_SEARCH_USER_PATHS = NO;
				CLANG_ANALYZER_NONNULL = YES;
				CLANG_ANALYZER_NUMBER_OBJECT_CONVERSION = YES_AGGRESSIVE;
				CLANG_CXX_LANGUAGE_STANDARD = "gnu++14";
				CLANG_CXX_LIBRARY = "libc++";
				CLANG_ENABLE_MODULES = YES;
				CLANG_ENABLE_OBJC_ARC = YES;
				CLANG_ENABLE_OBJC_WEAK = YES;
				CLANG_WARN_BLOCK_CAPTURE_AUTORELEASING = YES;
				CLANG_WARN_BOOL_CONVERSION = YES;
				CLANG_WARN_COMMA = YES;
				CLANG_WARN_CONSTANT_CONVERSION = YES;
				CLANG_WARN_DEPRECATED_OBJC_IMPLEMENTATIONS = YES;
				CLANG_WARN_DIRECT_OBJC_ISA_USAGE = YES_ERROR;
				CLANG_WARN_DOCUMENTATION_COMMENTS = YES;
				CLANG_WARN_EMPTY_BODY = YES;
				CLANG_WARN_ENUM_CONVERSION = YES;
				CLANG_WARN_INFINITE_RECURSION = YES;
				CLANG_WARN_INT_CONVERSION = YES;
				CLANG_WARN_NON_LITERAL_NULL_CONVERSION = YES;
				CLANG_WARN_OBJC_IMPLICIT_RETAIN_SELF = YES;
				CLANG_WARN_OBJC_LITERAL_CONVERSION = YES;
				CLANG_WARN_OBJC_ROOT_CLASS = YES_ERROR;
				CLANG_WARN_QUOTED_INCLUDE_IN_FRAMEWORK_HEADER = YES;
				CLANG_WARN_RANGE_LOOP_ANALYSIS = YES;
				CLANG_WARN_STRICT_PROTOTYPES = YES;
				CLANG_WARN_SUSPICIOUS_MOVE = YES;
				CLANG_WARN_UNGUARDED_AVAILABILITY = YES_AGGRESSIVE;
				CLANG_WARN_UNREACHABLE_CODE = YES;
				CLANG_WARN__DUPLICATE_METHOD_MATCH = YES;
				COPY_PHASE_STRIP = NO;
				DEBUG_ACTIVITY_MODE = "";
				"DEBUG_ACTIVITY_MODE[sdk=iphonesimulator*]" = disable;
				DEBUG_INFORMATION_FORMAT = dwarf;
				ENABLE_STRICT_OBJC_MSGSEND = YES;
				ENABLE_TESTABILITY = YES;
				GCC_C_LANGUAGE_STANDARD = gnu11;
				GCC_DYNAMIC_NO_PIC = NO;
				GCC_NO_COMMON_BLOCKS = YES;
				GCC_OPTIMIZATION_LEVEL = 0;
				GCC_PREPROCESSOR_DEFINITIONS = (
					"DEBUG=1",
					"$(inherited)",
				);
				GCC_WARN_64_TO_32_BIT_CONVERSION = YES;
				GCC_WARN_ABOUT_RETURN_TYPE = YES_ERROR;
				GCC_WARN_UNDECLARED_SELECTOR = YES;
				GCC_WARN_UNINITIALIZED_AUTOS = YES_AGGRESSIVE;
				GCC_WARN_UNUSED_FUNCTION = YES;
				GCC_WARN_UNUSED_VARIABLE = YES;
				IPHONEOS_DEPLOYMENT_TARGET = 12.0;
				MTL_ENABLE_DEBUG_INFO = INCLUDE_SOURCE;
				MTL_FAST_MATH = YES;
				ONLY_ACTIVE_ARCH = YES;
				SDKROOT = iphoneos;
				SWIFT_ACTIVE_COMPILATION_CONDITIONS = DEBUG;
				SWIFT_OPTIMIZATION_LEVEL = "-Onone";
			};
			name = Debug;
		};
		FD3172DF2695CF91006810CA /* Release */ = {
			isa = XCBuildConfiguration;
			buildSettings = {
				ALWAYS_SEARCH_USER_PATHS = NO;
				CLANG_ANALYZER_NONNULL = YES;
				CLANG_ANALYZER_NUMBER_OBJECT_CONVERSION = YES_AGGRESSIVE;
				CLANG_CXX_LANGUAGE_STANDARD = "gnu++14";
				CLANG_CXX_LIBRARY = "libc++";
				CLANG_ENABLE_MODULES = YES;
				CLANG_ENABLE_OBJC_ARC = YES;
				CLANG_ENABLE_OBJC_WEAK = YES;
				CLANG_WARN_BLOCK_CAPTURE_AUTORELEASING = YES;
				CLANG_WARN_BOOL_CONVERSION = YES;
				CLANG_WARN_COMMA = YES;
				CLANG_WARN_CONSTANT_CONVERSION = YES;
				CLANG_WARN_DEPRECATED_OBJC_IMPLEMENTATIONS = YES;
				CLANG_WARN_DIRECT_OBJC_ISA_USAGE = YES_ERROR;
				CLANG_WARN_DOCUMENTATION_COMMENTS = YES;
				CLANG_WARN_EMPTY_BODY = YES;
				CLANG_WARN_ENUM_CONVERSION = YES;
				CLANG_WARN_INFINITE_RECURSION = YES;
				CLANG_WARN_INT_CONVERSION = YES;
				CLANG_WARN_NON_LITERAL_NULL_CONVERSION = YES;
				CLANG_WARN_OBJC_IMPLICIT_RETAIN_SELF = YES;
				CLANG_WARN_OBJC_LITERAL_CONVERSION = YES;
				CLANG_WARN_OBJC_ROOT_CLASS = YES_ERROR;
				CLANG_WARN_QUOTED_INCLUDE_IN_FRAMEWORK_HEADER = YES;
				CLANG_WARN_RANGE_LOOP_ANALYSIS = YES;
				CLANG_WARN_STRICT_PROTOTYPES = YES;
				CLANG_WARN_SUSPICIOUS_MOVE = YES;
				CLANG_WARN_UNGUARDED_AVAILABILITY = YES_AGGRESSIVE;
				CLANG_WARN_UNREACHABLE_CODE = YES;
				CLANG_WARN__DUPLICATE_METHOD_MATCH = YES;
				COPY_PHASE_STRIP = NO;
				DEBUG_ACTIVITY_MODE = "";
				DEBUG_INFORMATION_FORMAT = "dwarf-with-dsym";
				ENABLE_NS_ASSERTIONS = NO;
				ENABLE_STRICT_OBJC_MSGSEND = YES;
				GCC_C_LANGUAGE_STANDARD = gnu11;
				GCC_NO_COMMON_BLOCKS = YES;
				GCC_WARN_64_TO_32_BIT_CONVERSION = YES;
				GCC_WARN_ABOUT_RETURN_TYPE = YES_ERROR;
				GCC_WARN_UNDECLARED_SELECTOR = YES;
				GCC_WARN_UNINITIALIZED_AUTOS = YES_AGGRESSIVE;
				GCC_WARN_UNUSED_FUNCTION = YES;
				GCC_WARN_UNUSED_VARIABLE = YES;
				IPHONEOS_DEPLOYMENT_TARGET = 12.0;
				MTL_ENABLE_DEBUG_INFO = NO;
				MTL_FAST_MATH = YES;
				SDKROOT = iphoneos;
				SWIFT_COMPILATION_MODE = wholemodule;
				SWIFT_OPTIMIZATION_LEVEL = "-O";
				VALIDATE_PRODUCT = YES;
			};
			name = Release;
		};
		FD3172E12695CF91006810CA /* Debug */ = {
			isa = XCBuildConfiguration;
			baseConfigurationReference = 59AADBB90D195305A7F8BEFE /* Pods-Poke-test.debug.xcconfig */;
			buildSettings = {
				ASSETCATALOG_COMPILER_APPICON_NAME = AppIcon;
				CODE_SIGN_STYLE = Automatic;
				DEVELOPMENT_TEAM = WV4ELQGDQE;
				INFOPLIST_FILE = "Poke-test/Info.plist";
				LD_RUNPATH_SEARCH_PATHS = (
					"$(inherited)",
					"@executable_path/Frameworks",
				);
				MARKETING_VERSION = 1.1.6;
				PRODUCT_BUNDLE_IDENTIFIER = "jEgia-baturamobile.com.Poke-test";
				PRODUCT_NAME = "$(TARGET_NAME)";
				SWIFT_VERSION = 5.0;
				TARGETED_DEVICE_FAMILY = "1,2";
			};
			name = Debug;
		};
		FD3172E22695CF91006810CA /* Release */ = {
			isa = XCBuildConfiguration;
			baseConfigurationReference = CCE5A1BEE58EA2B21595147E /* Pods-Poke-test.release.xcconfig */;
			buildSettings = {
				ASSETCATALOG_COMPILER_APPICON_NAME = AppIcon;
				CODE_SIGN_STYLE = Automatic;
				DEVELOPMENT_TEAM = WV4ELQGDQE;
				INFOPLIST_FILE = "Poke-test/Info.plist";
				LD_RUNPATH_SEARCH_PATHS = (
					"$(inherited)",
					"@executable_path/Frameworks",
				);
				MARKETING_VERSION = 1.1.6;
				PRODUCT_BUNDLE_IDENTIFIER = "jEgia-baturamobile.com.Poke-test";
				PRODUCT_NAME = "$(TARGET_NAME)";
				SWIFT_VERSION = 5.0;
				TARGETED_DEVICE_FAMILY = "1,2";
			};
			name = Release;
		};
/* End XCBuildConfiguration section */

/* Begin XCConfigurationList section */
		FD3172C72695CF90006810CA /* Build configuration list for PBXProject "Poke-test" */ = {
			isa = XCConfigurationList;
			buildConfigurations = (
				FD3172DE2695CF91006810CA /* Debug */,
				FD3172DF2695CF91006810CA /* Release */,
			);
			defaultConfigurationIsVisible = 0;
			defaultConfigurationName = Release;
		};
		FD3172E02695CF91006810CA /* Build configuration list for PBXNativeTarget "Poke-test" */ = {
			isa = XCConfigurationList;
			buildConfigurations = (
				FD3172E12695CF91006810CA /* Debug */,
				FD3172E22695CF91006810CA /* Release */,
			);
			defaultConfigurationIsVisible = 0;
			defaultConfigurationName = Release;
		};
/* End XCConfigurationList section */

/* Begin XCRemoteSwiftPackageReference section */
		FD9B9A8226D627BC000322D3 /* XCRemoteSwiftPackageReference "realm-cocoa" */ = {
			isa = XCRemoteSwiftPackageReference;
			repositoryURL = "https://github.com/realm/realm-cocoa.git";
			requirement = {
				kind = upToNextMajorVersion;
				minimumVersion = 10.12.0;
			};
		};
/* End XCRemoteSwiftPackageReference section */

/* Begin XCSwiftPackageProductDependency section */
		FD9B9A8326D627BC000322D3 /* Realm */ = {
			isa = XCSwiftPackageProductDependency;
			package = FD9B9A8226D627BC000322D3 /* XCRemoteSwiftPackageReference "realm-cocoa" */;
			productName = Realm;
		};
		FD9B9A8526D627BC000322D3 /* RealmSwift */ = {
			isa = XCSwiftPackageProductDependency;
			package = FD9B9A8226D627BC000322D3 /* XCRemoteSwiftPackageReference "realm-cocoa" */;
			productName = RealmSwift;
		};
/* End XCSwiftPackageProductDependency section */
	};
	rootObject = FD3172C42695CF90006810CA /* Project object */;
}
